PODS:
  - Alamofire (5.4.4)
  - AppAuth (1.4.0):
    - AppAuth/Core (= 1.4.0)
    - AppAuth/ExternalUserAgent (= 1.4.0)
  - AppAuth/Core (1.4.0)
  - AppAuth/ExternalUserAgent (1.4.0)
  - Differentiator (5.0.0)
  - GoogleSignIn (6.0.2):
    - AppAuth (~> 1.4)
    - GTMAppAuth (~> 1.0)
    - GTMSessionFetcher/Core (~> 1.1)
  - GTMAppAuth (1.2.2):
    - AppAuth/Core (~> 1.4)
    - GTMSessionFetcher/Core (~> 1.5)
  - GTMSessionFetcher/Core (1.7.0)
  - KeychainSwift (19.0.0)
  - Moya/Core (15.0.0):
    - Alamofire (~> 5.0)
  - Moya/RxSwift (15.0.0):
    - Moya/Core
    - RxSwift (~> 6.0)
  - ReactorKit (3.1.0):
    - RxSwift (~> 6.0)
    - WeakMapTable (~> 1.1)
  - RxAlertViewable (1.2):
    - RxCocoa (~> 6)
    - RxSwift (~> 6)
  - RxAppState (1.7.1):
    - RxCocoa (~> 6.2)
    - RxSwift (~> 6.2)
  - RxCocoa (6.2.0):
    - RxRelay (= 6.2.0)
    - RxSwift (= 6.2.0)
  - RxDataSources (5.0.0):
    - Differentiator (~> 5.0)
    - RxCocoa (~> 6.0)
    - RxSwift (~> 6.0)
  - RxFlow (2.12.4):
    - RxCocoa (>= 6.0.0)
    - RxSwift (>= 6.0.0)
  - RxGesture (4.0.2):
    - RxCocoa (~> 6.0)
    - RxSwift (~> 6.0)
  - RxKeyboard (2.0.0):
    - RxCocoa (~> 6.0)
    - RxSwift (~> 6.0)
  - RxModal (1.0.2):
    - RxCocoa (~> 6.0)
    - RxSwift (~> 6.0)
  - RxRelay (6.2.0):
    - RxSwift (= 6.2.0)
  - RxSwift (6.2.0)
  - RxViewController (2.0.0):
    - RxCocoa (~> 6.0)
    - RxSwift (~> 6.0)
  - SnapKit (5.0.1)
  - Then (2.7.0)
  - WeakMapTable (1.2.0)

DEPENDENCIES:
  - GoogleSignIn
  - KeychainSwift (~> 19.0)
  - Moya/RxSwift
  - ReactorKit
  - RxAlertViewable
  - RxAppState
  - RxCocoa
  - RxDataSources
  - RxFlow
  - RxGesture
  - RxKeyboard
  - RxModal
  - RxSwift
  - RxViewController
  - SnapKit (~> 5.0.0)
  - Then

SPEC REPOS:
  trunk:
    - Alamofire
    - AppAuth
    - Differentiator
    - GoogleSignIn
    - GTMAppAuth
    - GTMSessionFetcher
    - KeychainSwift
    - Moya
    - ReactorKit
    - RxAlertViewable
    - RxAppState
    - RxCocoa
    - RxDataSources
    - RxFlow
    - RxGesture
    - RxKeyboard
    - RxModal
    - RxRelay
    - RxSwift
    - RxViewController
    - SnapKit
    - Then
    - WeakMapTable

SPEC CHECKSUMS:
  Alamofire: f3b09a368f1582ab751b3fff5460276e0d2cf5c9
  AppAuth: 31bcec809a638d7bd2f86ea8a52bd45f6e81e7c7
  Differentiator: e8497ceab83c1b10ca233716d547b9af21b9344d
  GoogleSignIn: fd381840dbe7c1137aa6dc30849a5c3e070c034a
  GTMAppAuth: ad5c2b70b9a8689e1a04033c9369c4915bfcbe89
  GTMSessionFetcher: 43748f93435c2aa068b1cbe39655aaf600652e91
  KeychainSwift: a06190cf933ad46b1e0abc3d77d29c06331715c7
  Moya: 138f0573e53411fb3dc17016add0b748dfbd78ee
  ReactorKit: a06dd2a5c9339287aedf3dc821cfab6347eca106
  RxAlertViewable: 8b8b82e6c22b974813e67a79b0c3d500bb08b676
  RxAppState: 9c34f951d4ff8b9034f84016fe766202365bceb2
  RxCocoa: 4baf94bb35f2c0ab31bc0cb9f1900155f646ba42
  RxDataSources: aa47cc1ed6c500fa0dfecac5c979b723542d79cf
  RxFlow: 03a73c83fb8f183107074b40ab2544c668583f73
  RxGesture: f059f2aeef966fb17dad56ee440e76410f10e55f
  RxKeyboard: 4f5863f43b4ff0cbb2a20b94688d6b80c8a43c14
  RxModal: 9372b1b25b1b88e5f4ca419a07512c3a0ca7e621
  RxRelay: e72dbfd157807478401ef1982e1c61c945c94b2f
  RxSwift: d356ab7bee873611322f134c5f9ef379fa183d8f
  RxViewController: 56486fa0afd629a1d6b5ba077f3b8cd9dc31b5d2
  SnapKit: 97b92857e3df3a0c71833cce143274bf6ef8e5eb
  Then: acfe0be7e98221c6204e12f8161459606d5d822d
  WeakMapTable: 05c694ce8439a7a9ebabb56187287a63c57673d6

PODFILE CHECKSUM: 4a393e0fca9b31d80d72efd862bd8082ac369ca5

COCOAPODS: 1.11.2
