// !$*UTF8*$!
{
	archiveVersion = 1;
	classes = {
	};
	objectVersion = 55;
	objects = {

/* Begin PBXBuildFile section */
		EEB8AD8328346FA400C44C6F /* AppDelegate.swift in Sources */ = {isa = PBXBuildFile; fileRef = EEB8AD8228346FA400C44C6F /* AppDelegate.swift */; };
		EEB8AD8528346FA400C44C6F /* SceneDelegate.swift in Sources */ = {isa = PBXBuildFile; fileRef = EEB8AD8428346FA400C44C6F /* SceneDelegate.swift */; };
		EEB8AD8C28346FA500C44C6F /* Assets.xcassets in Resources */ = {isa = PBXBuildFile; fileRef = EEB8AD8B28346FA500C44C6F /* Assets.xcassets */; };
		EEB8AD8F28346FA500C44C6F /* LaunchScreen.storyboard in Resources */ = {isa = PBXBuildFile; fileRef = EEB8AD8D28346FA500C44C6F /* LaunchScreen.storyboard */; };
		EEB8ADAE283473BE00C44C6F /* RxFlow in Frameworks */ = {isa = PBXBuildFile; productRef = EEB8ADAD283473BE00C44C6F /* RxFlow */; };
		EEB8ADB1283473D300C44C6F /* ReactorKit in Frameworks */ = {isa = PBXBuildFile; productRef = EEB8ADB0283473D300C44C6F /* ReactorKit */; };
		EEB8ADB4283473E300C44C6F /* Swinject in Frameworks */ = {isa = PBXBuildFile; productRef = EEB8ADB3283473E300C44C6F /* Swinject */; };
		EEB8ADB7283473F300C44C6F /* KeychainSwift in Frameworks */ = {isa = PBXBuildFile; productRef = EEB8ADB6283473F300C44C6F /* KeychainSwift */; };
		EEB8ADBA2834742300C44C6F /* IQKeyboardManagerSwift in Frameworks */ = {isa = PBXBuildFile; productRef = EEB8ADB92834742300C44C6F /* IQKeyboardManagerSwift */; };
		EEB8ADBD2834743F00C44C6F /* RxKeyboard in Frameworks */ = {isa = PBXBuildFile; productRef = EEB8ADBC2834743F00C44C6F /* RxKeyboard */; };
		EEB8ADC02834746200C44C6F /* RxMoya in Frameworks */ = {isa = PBXBuildFile; productRef = EEB8ADBF2834746200C44C6F /* RxMoya */; };
		EEB8ADC32834746E00C44C6F /* KeychainSwift in Frameworks */ = {isa = PBXBuildFile; productRef = EEB8ADC22834746E00C44C6F /* KeychainSwift */; };
		EEB8ADC6283474A300C44C6F /* PanModal in Frameworks */ = {isa = PBXBuildFile; productRef = EEB8ADC5283474A300C44C6F /* PanModal */; };
		EEB8ADC92834756400C44C6F /* DropDown in Frameworks */ = {isa = PBXBuildFile; productRef = EEB8ADC82834756400C44C6F /* DropDown */; };
		EEB8ADCC283475BE00C44C6F /* SnapKit in Frameworks */ = {isa = PBXBuildFile; productRef = EEB8ADCB283475BE00C44C6F /* SnapKit */; };
		EEB8ADCF283475F700C44C6F /* Then in Frameworks */ = {isa = PBXBuildFile; productRef = EEB8ADCE283475F700C44C6F /* Then */; };
		EEB8ADD6283478A900C44C6F /* RxCocoa in Frameworks */ = {isa = PBXBuildFile; productRef = EEB8ADD5283478A900C44C6F /* RxCocoa */; };
		EEB8ADD8283478B300C44C6F /* RxBlocking in Frameworks */ = {isa = PBXBuildFile; productRef = EEB8ADD7283478B300C44C6F /* RxBlocking */; };
		EEB8ADDA283478B300C44C6F /* RxRelay in Frameworks */ = {isa = PBXBuildFile; productRef = EEB8ADD9283478B300C44C6F /* RxRelay */; };
		EEB8ADDC283478B300C44C6F /* RxSwift in Frameworks */ = {isa = PBXBuildFile; productRef = EEB8ADDB283478B300C44C6F /* RxSwift */; };
		EEB8ADDE28347AE200C44C6F /* Base in Frameworks */ = {isa = PBXBuildFile; productRef = EEB8ADDD28347AE200C44C6F /* Base */; };
		EEB8ADE028347AE200C44C6F /* RxUtil in Frameworks */ = {isa = PBXBuildFile; productRef = EEB8ADDF28347AE200C44C6F /* RxUtil */; };
		EEB8ADE228347AE200C44C6F /* UIUtil in Frameworks */ = {isa = PBXBuildFile; productRef = EEB8ADE128347AE200C44C6F /* UIUtil */; };
		EEB8ADE828347D1600C44C6F /* AppFlow.swift in Sources */ = {isa = PBXBuildFile; fileRef = EEB8ADE728347D1600C44C6F /* AppFlow.swift */; };
		EEB8ADEA28347DA900C44C6F /* BambooStep.swift in Sources */ = {isa = PBXBuildFile; fileRef = EEB8ADE928347DA900C44C6F /* BambooStep.swift */; };
		EEB8ADED283480FE00C44C6F /* StepExt.swift in Sources */ = {isa = PBXBuildFile; fileRef = EEB8ADEC283480FE00C44C6F /* StepExt.swift */; };
		EEB8ADEF2834818000C44C6F /* AppDI.swift in Sources */ = {isa = PBXBuildFile; fileRef = EEB8ADEE2834818000C44C6F /* AppDI.swift */; };
		EEB8ADF528348BF400C44C6F /* OnBoardingViewController.swift in Sources */ = {isa = PBXBuildFile; fileRef = EEB8ADF328348BF400C44C6F /* OnBoardingViewController.swift */; };
		EEB8ADF628348BF400C44C6F /* OnBoardingReactorView.swift in Sources */ = {isa = PBXBuildFile; fileRef = EEB8ADF428348BF400C44C6F /* OnBoardingReactorView.swift */; };
		EEB8ADF92834901600C44C6F /* OnBoardingFlow.swift in Sources */ = {isa = PBXBuildFile; fileRef = EEB8ADF82834901600C44C6F /* OnBoardingFlow.swift */; };
		EEB8ADFC2834957D00C44C6F /* LoginButton.swift in Sources */ = {isa = PBXBuildFile; fileRef = EEB8ADFB2834957D00C44C6F /* LoginButton.swift */; };
		EEB8ADFE283495FD00C44C6F /* BamBooColor in Frameworks */ = {isa = PBXBuildFile; productRef = EEB8ADFD283495FD00C44C6F /* BamBooColor */; };
		EEB8AE0128349D5E00C44C6F /* PinLayout in Frameworks */ = {isa = PBXBuildFile; productRef = EEB8AE0028349D5E00C44C6F /* PinLayout */; };
		EEB8AE0428349DFA00C44C6F /* FlexLayout in Frameworks */ = {isa = PBXBuildFile; productRef = EEB8AE0328349DFA00C44C6F /* FlexLayout */; };
/* End PBXBuildFile section */

/* Begin PBXFileReference section */
		EEB8AD7F28346FA400C44C6F /* bamboo-iOS.app */ = {isa = PBXFileReference; explicitFileType = wrapper.application; includeInIndex = 0; path = "bamboo-iOS.app"; sourceTree = BUILT_PRODUCTS_DIR; };
		EEB8AD8228346FA400C44C6F /* AppDelegate.swift */ = {isa = PBXFileReference; lastKnownFileType = sourcecode.swift; path = AppDelegate.swift; sourceTree = "<group>"; };
		EEB8AD8428346FA400C44C6F /* SceneDelegate.swift */ = {isa = PBXFileReference; lastKnownFileType = sourcecode.swift; path = SceneDelegate.swift; sourceTree = "<group>"; };
		EEB8AD8B28346FA500C44C6F /* Assets.xcassets */ = {isa = PBXFileReference; lastKnownFileType = folder.assetcatalog; path = Assets.xcassets; sourceTree = "<group>"; };
		EEB8AD8E28346FA500C44C6F /* Base */ = {isa = PBXFileReference; lastKnownFileType = file.storyboard; name = Base; path = Base.lproj/LaunchScreen.storyboard; sourceTree = "<group>"; };
		EEB8AD9028346FA500C44C6F /* Info.plist */ = {isa = PBXFileReference; lastKnownFileType = text.plist.xml; name = Info.plist; path = "bamboo-iOS/Supporting/Info.plist"; sourceTree = SOURCE_ROOT; };
		EEB8ADA82834736200C44C6F /* NanumSquareRoundB.ttf */ = {isa = PBXFileReference; lastKnownFileType = file; path = NanumSquareRoundB.ttf; sourceTree = "<group>"; };
		EEB8ADA92834736200C44C6F /* NanumSquareRoundEB.ttf */ = {isa = PBXFileReference; lastKnownFileType = file; path = NanumSquareRoundEB.ttf; sourceTree = "<group>"; };
		EEB8ADAA2834736200C44C6F /* NanumSquareRoundL.ttf */ = {isa = PBXFileReference; lastKnownFileType = file; path = NanumSquareRoundL.ttf; sourceTree = "<group>"; };
		EEB8ADAB2834736200C44C6F /* NanumSquareRoundR.ttf */ = {isa = PBXFileReference; lastKnownFileType = file; path = NanumSquareRoundR.ttf; sourceTree = "<group>"; };
		EEB8ADD22834770400C44C6F /* Platform */ = {isa = PBXFileReference; lastKnownFileType = wrapper; path = Platform; sourceTree = "<group>"; };
		EEB8ADE728347D1600C44C6F /* AppFlow.swift */ = {isa = PBXFileReference; lastKnownFileType = sourcecode.swift; path = AppFlow.swift; sourceTree = "<group>"; };
		EEB8ADE928347DA900C44C6F /* BambooStep.swift */ = {isa = PBXFileReference; lastKnownFileType = sourcecode.swift; path = BambooStep.swift; sourceTree = "<group>"; };
		EEB8ADEC283480FE00C44C6F /* StepExt.swift */ = {isa = PBXFileReference; lastKnownFileType = sourcecode.swift; path = StepExt.swift; sourceTree = "<group>"; };
		EEB8ADEE2834818000C44C6F /* AppDI.swift */ = {isa = PBXFileReference; lastKnownFileType = sourcecode.swift; path = AppDI.swift; sourceTree = "<group>"; };
		EEB8ADF328348BF400C44C6F /* OnBoardingViewController.swift */ = {isa = PBXFileReference; lastKnownFileType = sourcecode.swift; path = OnBoardingViewController.swift; sourceTree = "<group>"; };
		EEB8ADF428348BF400C44C6F /* OnBoardingReactorView.swift */ = {isa = PBXFileReference; lastKnownFileType = sourcecode.swift; path = OnBoardingReactorView.swift; sourceTree = "<group>"; };
		EEB8ADF82834901600C44C6F /* OnBoardingFlow.swift */ = {isa = PBXFileReference; lastKnownFileType = sourcecode.swift; path = OnBoardingFlow.swift; sourceTree = "<group>"; };
		EEB8ADFB2834957D00C44C6F /* LoginButton.swift */ = {isa = PBXFileReference; lastKnownFileType = sourcecode.swift; path = LoginButton.swift; sourceTree = "<group>"; };
/* End PBXFileReference section */

/* Begin PBXFrameworksBuildPhase section */
		EEB8AD7C28346FA400C44C6F /* Frameworks */ = {
			isa = PBXFrameworksBuildPhase;
			buildActionMask = 2147483647;
			files = (
				EEB8ADDE28347AE200C44C6F /* Base in Frameworks */,
				EEB8ADE228347AE200C44C6F /* UIUtil in Frameworks */,
				EEB8ADDA283478B300C44C6F /* RxRelay in Frameworks */,
				EEB8ADBA2834742300C44C6F /* IQKeyboardManagerSwift in Frameworks */,
				EEB8ADC92834756400C44C6F /* DropDown in Frameworks */,
				EEB8ADBD2834743F00C44C6F /* RxKeyboard in Frameworks */,
				EEB8ADD6283478A900C44C6F /* RxCocoa in Frameworks */,
				EEB8ADB1283473D300C44C6F /* ReactorKit in Frameworks */,
				EEB8ADAE283473BE00C44C6F /* RxFlow in Frameworks */,
				EEB8AE0428349DFA00C44C6F /* FlexLayout in Frameworks */,
				EEB8ADC02834746200C44C6F /* RxMoya in Frameworks */,
				EEB8ADFE283495FD00C44C6F /* BamBooColor in Frameworks */,
				EEB8ADB7283473F300C44C6F /* KeychainSwift in Frameworks */,
				EEB8AE0128349D5E00C44C6F /* PinLayout in Frameworks */,
				EEB8ADCF283475F700C44C6F /* Then in Frameworks */,
				EEB8ADC32834746E00C44C6F /* KeychainSwift in Frameworks */,
				EEB8ADE028347AE200C44C6F /* RxUtil in Frameworks */,
				EEB8ADB4283473E300C44C6F /* Swinject in Frameworks */,
				EEB8ADC6283474A300C44C6F /* PanModal in Frameworks */,
				EEB8ADCC283475BE00C44C6F /* SnapKit in Frameworks */,
				EEB8ADDC283478B300C44C6F /* RxSwift in Frameworks */,
				EEB8ADD8283478B300C44C6F /* RxBlocking in Frameworks */,
			);
			runOnlyForDeploymentPostprocessing = 0;
		};
/* End PBXFrameworksBuildPhase section */

/* Begin PBXGroup section */
		EEB8AD7628346FA400C44C6F = {
			isa = PBXGroup;
			children = (
				EEB8ADD22834770400C44C6F /* Platform */,
				EEB8AD8128346FA400C44C6F /* bamboo-iOS */,
				EEB8AD8028346FA400C44C6F /* Products */,
				EEB8ADD4283478A900C44C6F /* Frameworks */,
			);
			sourceTree = "<group>";
		};
		EEB8AD8028346FA400C44C6F /* Products */ = {
			isa = PBXGroup;
			children = (
				EEB8AD7F28346FA400C44C6F /* bamboo-iOS.app */,
			);
			name = Products;
			sourceTree = "<group>";
		};
		EEB8AD8128346FA400C44C6F /* bamboo-iOS */ = {
			isa = PBXGroup;
			children = (
				EEB8ADA3283472ED00C44C6F /* Supporting */,
				EEB8ADA2283472E800C44C6F /* Resources */,
				EEB8ADA1283472E000C44C6F /* Sources */,
			);
			path = "bamboo-iOS";
			sourceTree = "<group>";
		};
		EEB8ADA1283472E000C44C6F /* Sources */ = {
			isa = PBXGroup;
			children = (
				EEB8ADA4283472F800C44C6F /* Application */,
				EEB8ADD02834769D00C44C6F /* Scene */,
				EEB8ADEB283480F200C44C6F /* Util */,
			);
			path = Sources;
			sourceTree = "<group>";
		};
		EEB8ADA2283472E800C44C6F /* Resources */ = {
			isa = PBXGroup;
			children = (
				EEB8ADA72834733700C44C6F /* Font */,
				EEB8ADA62834733100C44C6F /* Splash */,
				EEB8ADA52834732700C44C6F /* Assets */,
			);
			path = Resources;
			sourceTree = "<group>";
		};
		EEB8ADA3283472ED00C44C6F /* Supporting */ = {
			isa = PBXGroup;
			children = (
				EEB8AD9028346FA500C44C6F /* Info.plist */,
			);
			path = Supporting;
			sourceTree = "<group>";
		};
		EEB8ADA4283472F800C44C6F /* Application */ = {
			isa = PBXGroup;
			children = (
				EEB8ADE428347CEE00C44C6F /* AppDI */,
				EEB8ADE328347CE700C44C6F /* AppFlow */,
				EEB8AD8228346FA400C44C6F /* AppDelegate.swift */,
				EEB8AD8428346FA400C44C6F /* SceneDelegate.swift */,
			);
			path = Application;
			sourceTree = "<group>";
		};
		EEB8ADA52834732700C44C6F /* Assets */ = {
			isa = PBXGroup;
			children = (
				EEB8AD8B28346FA500C44C6F /* Assets.xcassets */,
			);
			path = Assets;
			sourceTree = "<group>";
		};
		EEB8ADA62834733100C44C6F /* Splash */ = {
			isa = PBXGroup;
			children = (
				EEB8AD8D28346FA500C44C6F /* LaunchScreen.storyboard */,
			);
			path = Splash;
			sourceTree = "<group>";
		};
		EEB8ADA72834733700C44C6F /* Font */ = {
			isa = PBXGroup;
			children = (
				EEB8ADA82834736200C44C6F /* NanumSquareRoundB.ttf */,
				EEB8ADA92834736200C44C6F /* NanumSquareRoundEB.ttf */,
				EEB8ADAA2834736200C44C6F /* NanumSquareRoundL.ttf */,
				EEB8ADAB2834736200C44C6F /* NanumSquareRoundR.ttf */,
			);
			path = Font;
			sourceTree = "<group>";
		};
		EEB8ADD02834769D00C44C6F /* Scene */ = {
			isa = PBXGroup;
			children = (
				EEB8ADF228348B4600C44C6F /* Manage User */,
				EEB8ADF128348B3D00C44C6F /* Modals */,
			);
			path = Scene;
			sourceTree = "<group>";
		};
		EEB8ADD4283478A900C44C6F /* Frameworks */ = {
			isa = PBXGroup;
			children = (
			);
			name = Frameworks;
			sourceTree = "<group>";
		};
		EEB8ADE328347CE700C44C6F /* AppFlow */ = {
			isa = PBXGroup;
			children = (
				EEB8ADE628347D0500C44C6F /* Step */,
				EEB8ADE528347D0000C44C6F /* Flows */,
				EEB8ADE728347D1600C44C6F /* AppFlow.swift */,
			);
			path = AppFlow;
			sourceTree = "<group>";
		};
		EEB8ADE428347CEE00C44C6F /* AppDI */ = {
			isa = PBXGroup;
			children = (
				EEB8ADEE2834818000C44C6F /* AppDI.swift */,
			);
			path = AppDI;
			sourceTree = "<group>";
		};
		EEB8ADE528347D0000C44C6F /* Flows */ = {
			isa = PBXGroup;
			children = (
				EEB8ADF728348FE100C44C6F /* Manage User */,
			);
			path = Flows;
			sourceTree = "<group>";
		};
		EEB8ADE628347D0500C44C6F /* Step */ = {
			isa = PBXGroup;
			children = (
				EEB8ADE928347DA900C44C6F /* BambooStep.swift */,
			);
			path = Step;
			sourceTree = "<group>";
		};
		EEB8ADEB283480F200C44C6F /* Util */ = {
			isa = PBXGroup;
			children = (
				EEB8ADEC283480FE00C44C6F /* StepExt.swift */,
			);
			path = Util;
			sourceTree = "<group>";
		};
		EEB8ADF028348B3400C44C6F /* OnBoarding */ = {
			isa = PBXGroup;
			children = (
				EEB8ADFA2834942E00C44C6F /* View */,
				EEB8ADF328348BF400C44C6F /* OnBoardingViewController.swift */,
				EEB8ADF428348BF400C44C6F /* OnBoardingReactorView.swift */,
			);
			path = OnBoarding;
			sourceTree = "<group>";
		};
		EEB8ADF128348B3D00C44C6F /* Modals */ = {
			isa = PBXGroup;
			children = (
			);
			path = Modals;
			sourceTree = "<group>";
		};
		EEB8ADF228348B4600C44C6F /* Manage User */ = {
			isa = PBXGroup;
			children = (
				EEB8ADF028348B3400C44C6F /* OnBoarding */,
			);
			path = "Manage User";
			sourceTree = "<group>";
		};
		EEB8ADF728348FE100C44C6F /* Manage User */ = {
			isa = PBXGroup;
			children = (
				EEB8ADF82834901600C44C6F /* OnBoardingFlow.swift */,
			);
			path = "Manage User";
			sourceTree = "<group>";
		};
		EEB8ADFA2834942E00C44C6F /* View */ = {
			isa = PBXGroup;
			children = (
				EEB8ADFB2834957D00C44C6F /* LoginButton.swift */,
			);
			path = View;
			sourceTree = "<group>";
		};
/* End PBXGroup section */

/* Begin PBXNativeTarget section */
		EEB8AD7E28346FA400C44C6F /* bamboo-iOS */ = {
			isa = PBXNativeTarget;
			buildConfigurationList = EEB8AD9328346FA500C44C6F /* Build configuration list for PBXNativeTarget "bamboo-iOS" */;
			buildPhases = (
				EEB8AD7B28346FA400C44C6F /* Sources */,
				EEB8AD7C28346FA400C44C6F /* Frameworks */,
				EEB8AD7D28346FA400C44C6F /* Resources */,
			);
			buildRules = (
			);
			dependencies = (
			);
			name = "bamboo-iOS";
			packageProductDependencies = (
				EEB8ADAD283473BE00C44C6F /* RxFlow */,
				EEB8ADB0283473D300C44C6F /* ReactorKit */,
				EEB8ADB3283473E300C44C6F /* Swinject */,
				EEB8ADB6283473F300C44C6F /* KeychainSwift */,
				EEB8ADB92834742300C44C6F /* IQKeyboardManagerSwift */,
				EEB8ADBC2834743F00C44C6F /* RxKeyboard */,
				EEB8ADBF2834746200C44C6F /* RxMoya */,
				EEB8ADC22834746E00C44C6F /* KeychainSwift */,
				EEB8ADC5283474A300C44C6F /* PanModal */,
				EEB8ADC82834756400C44C6F /* DropDown */,
				EEB8ADCB283475BE00C44C6F /* SnapKit */,
				EEB8ADCE283475F700C44C6F /* Then */,
				EEB8ADD5283478A900C44C6F /* RxCocoa */,
				EEB8ADD7283478B300C44C6F /* RxBlocking */,
				EEB8ADD9283478B300C44C6F /* RxRelay */,
				EEB8ADDB283478B300C44C6F /* RxSwift */,
				EEB8ADDD28347AE200C44C6F /* Base */,
				EEB8ADDF28347AE200C44C6F /* RxUtil */,
				EEB8ADE128347AE200C44C6F /* UIUtil */,
				EEB8ADFD283495FD00C44C6F /* BamBooColor */,
				EEB8AE0028349D5E00C44C6F /* PinLayout */,
				EEB8AE0328349DFA00C44C6F /* FlexLayout */,
			);
			productName = "bamboo-iOS";
			productReference = EEB8AD7F28346FA400C44C6F /* bamboo-iOS.app */;
			productType = "com.apple.product-type.application";
		};
/* End PBXNativeTarget section */

/* Begin PBXProject section */
		EEB8AD7728346FA400C44C6F /* Project object */ = {
			isa = PBXProject;
			attributes = {
				BuildIndependentTargetsInParallel = 1;
				LastSwiftUpdateCheck = 1330;
				LastUpgradeCheck = 1330;
				TargetAttributes = {
					EEB8AD7E28346FA400C44C6F = {
						CreatedOnToolsVersion = 13.3.1;
					};
				};
			};
			buildConfigurationList = EEB8AD7A28346FA400C44C6F /* Build configuration list for PBXProject "bamboo-iOS" */;
			compatibilityVersion = "Xcode 13.0";
			developmentRegion = en;
			hasScannedForEncodings = 0;
			knownRegions = (
				en,
				Base,
			);
			mainGroup = EEB8AD7628346FA400C44C6F;
			packageReferences = (
				EEB8ADAC283473BE00C44C6F /* XCRemoteSwiftPackageReference "RxFlow" */,
				EEB8ADAF283473D300C44C6F /* XCRemoteSwiftPackageReference "ReactorKit" */,
				EEB8ADB2283473E300C44C6F /* XCRemoteSwiftPackageReference "Swinject" */,
				EEB8ADB5283473F300C44C6F /* XCRemoteSwiftPackageReference "keychain-swift" */,
				EEB8ADB82834742300C44C6F /* XCRemoteSwiftPackageReference "IQKeyboardManager" */,
				EEB8ADBB2834743F00C44C6F /* XCRemoteSwiftPackageReference "RxKeyboard" */,
				EEB8ADBE2834746200C44C6F /* XCRemoteSwiftPackageReference "Moya" */,
				EEB8ADC12834746E00C44C6F /* XCRemoteSwiftPackageReference "keychain-swift" */,
				EEB8ADC4283474A300C44C6F /* XCRemoteSwiftPackageReference "PanModal" */,
				EEB8ADC72834756400C44C6F /* XCRemoteSwiftPackageReference "DropDown" */,
				EEB8ADCA283475BE00C44C6F /* XCRemoteSwiftPackageReference "SnapKit" */,
				EEB8ADCD283475F700C44C6F /* XCRemoteSwiftPackageReference "Then" */,
				EEB8ADD32834789600C44C6F /* XCRemoteSwiftPackageReference "RxSwift" */,
				EEB8ADFF28349D5E00C44C6F /* XCRemoteSwiftPackageReference "PinLayout" */,
				EEB8AE0228349DFA00C44C6F /* XCRemoteSwiftPackageReference "FlexLayout" */,
			);
			productRefGroup = EEB8AD8028346FA400C44C6F /* Products */;
			projectDirPath = "";
			projectRoot = "";
			targets = (
				EEB8AD7E28346FA400C44C6F /* bamboo-iOS */,
			);
		};
/* End PBXProject section */

/* Begin PBXResourcesBuildPhase section */
		EEB8AD7D28346FA400C44C6F /* Resources */ = {
			isa = PBXResourcesBuildPhase;
			buildActionMask = 2147483647;
			files = (
				EEB8AD8F28346FA500C44C6F /* LaunchScreen.storyboard in Resources */,
				EEB8AD8C28346FA500C44C6F /* Assets.xcassets in Resources */,
			);
			runOnlyForDeploymentPostprocessing = 0;
		};
/* End PBXResourcesBuildPhase section */

/* Begin PBXSourcesBuildPhase section */
		EEB8AD7B28346FA400C44C6F /* Sources */ = {
			isa = PBXSourcesBuildPhase;
			buildActionMask = 2147483647;
			files = (
				EEB8ADEF2834818000C44C6F /* AppDI.swift in Sources */,
				EEB8AD8328346FA400C44C6F /* AppDelegate.swift in Sources */,
				EEB8ADF528348BF400C44C6F /* OnBoardingViewController.swift in Sources */,
				EEB8ADE828347D1600C44C6F /* AppFlow.swift in Sources */,
				EEB8ADF628348BF400C44C6F /* OnBoardingReactorView.swift in Sources */,
				EEB8ADFC2834957D00C44C6F /* LoginButton.swift in Sources */,
				EEB8ADED283480FE00C44C6F /* StepExt.swift in Sources */,
				EEB8AD8528346FA400C44C6F /* SceneDelegate.swift in Sources */,
				EEB8ADEA28347DA900C44C6F /* BambooStep.swift in Sources */,
				EEB8ADF92834901600C44C6F /* OnBoardingFlow.swift in Sources */,
			);
			runOnlyForDeploymentPostprocessing = 0;
		};
/* End PBXSourcesBuildPhase section */

/* Begin PBXVariantGroup section */
		EEB8AD8D28346FA500C44C6F /* LaunchScreen.storyboard */ = {
			isa = PBXVariantGroup;
			children = (
				EEB8AD8E28346FA500C44C6F /* Base */,
			);
			name = LaunchScreen.storyboard;
			sourceTree = "<group>";
		};
/* End PBXVariantGroup section */

/* Begin XCBuildConfiguration section */
		EEB8AD9128346FA500C44C6F /* Debug */ = {
			isa = XCBuildConfiguration;
			buildSettings = {
				ALWAYS_SEARCH_USER_PATHS = NO;
				CLANG_ANALYZER_NONNULL = YES;
				CLANG_ANALYZER_NUMBER_OBJECT_CONVERSION = YES_AGGRESSIVE;
				CLANG_CXX_LANGUAGE_STANDARD = "gnu++17";
				CLANG_ENABLE_MODULES = YES;
				CLANG_ENABLE_OBJC_ARC = YES;
				CLANG_ENABLE_OBJC_WEAK = YES;
				CLANG_WARN_BLOCK_CAPTURE_AUTORELEASING = YES;
				CLANG_WARN_BOOL_CONVERSION = YES;
				CLANG_WARN_COMMA = YES;
				CLANG_WARN_CONSTANT_CONVERSION = YES;
				CLANG_WARN_DEPRECATED_OBJC_IMPLEMENTATIONS = YES;
				CLANG_WARN_DIRECT_OBJC_ISA_USAGE = YES_ERROR;
				CLANG_WARN_DOCUMENTATION_COMMENTS = YES;
				CLANG_WARN_EMPTY_BODY = YES;
				CLANG_WARN_ENUM_CONVERSION = YES;
				CLANG_WARN_INFINITE_RECURSION = YES;
				CLANG_WARN_INT_CONVERSION = YES;
				CLANG_WARN_NON_LITERAL_NULL_CONVERSION = YES;
				CLANG_WARN_OBJC_IMPLICIT_RETAIN_SELF = YES;
				CLANG_WARN_OBJC_LITERAL_CONVERSION = YES;
				CLANG_WARN_OBJC_ROOT_CLASS = YES_ERROR;
				CLANG_WARN_QUOTED_INCLUDE_IN_FRAMEWORK_HEADER = YES;
				CLANG_WARN_RANGE_LOOP_ANALYSIS = YES;
				CLANG_WARN_STRICT_PROTOTYPES = YES;
				CLANG_WARN_SUSPICIOUS_MOVE = YES;
				CLANG_WARN_UNGUARDED_AVAILABILITY = YES_AGGRESSIVE;
				CLANG_WARN_UNREACHABLE_CODE = YES;
				CLANG_WARN__DUPLICATE_METHOD_MATCH = YES;
				COPY_PHASE_STRIP = NO;
				DEBUG_INFORMATION_FORMAT = dwarf;
				ENABLE_STRICT_OBJC_MSGSEND = YES;
				ENABLE_TESTABILITY = YES;
				GCC_C_LANGUAGE_STANDARD = gnu11;
				GCC_DYNAMIC_NO_PIC = NO;
				GCC_NO_COMMON_BLOCKS = YES;
				GCC_OPTIMIZATION_LEVEL = 0;
				GCC_PREPROCESSOR_DEFINITIONS = (
					"DEBUG=1",
					"$(inherited)",
				);
				GCC_WARN_64_TO_32_BIT_CONVERSION = YES;
				GCC_WARN_ABOUT_RETURN_TYPE = YES_ERROR;
				GCC_WARN_UNDECLARED_SELECTOR = YES;
				GCC_WARN_UNINITIALIZED_AUTOS = YES_AGGRESSIVE;
				GCC_WARN_UNUSED_FUNCTION = YES;
				GCC_WARN_UNUSED_VARIABLE = YES;
				IPHONEOS_DEPLOYMENT_TARGET = 15.4;
				MTL_ENABLE_DEBUG_INFO = INCLUDE_SOURCE;
				MTL_FAST_MATH = YES;
				ONLY_ACTIVE_ARCH = YES;
				SDKROOT = iphoneos;
				SWIFT_ACTIVE_COMPILATION_CONDITIONS = DEBUG;
				SWIFT_OPTIMIZATION_LEVEL = "-Onone";
			};
			name = Debug;
		};
		EEB8AD9228346FA500C44C6F /* Release */ = {
			isa = XCBuildConfiguration;
			buildSettings = {
				ALWAYS_SEARCH_USER_PATHS = NO;
				CLANG_ANALYZER_NONNULL = YES;
				CLANG_ANALYZER_NUMBER_OBJECT_CONVERSION = YES_AGGRESSIVE;
				CLANG_CXX_LANGUAGE_STANDARD = "gnu++17";
				CLANG_ENABLE_MODULES = YES;
				CLANG_ENABLE_OBJC_ARC = YES;
				CLANG_ENABLE_OBJC_WEAK = YES;
				CLANG_WARN_BLOCK_CAPTURE_AUTORELEASING = YES;
				CLANG_WARN_BOOL_CONVERSION = YES;
				CLANG_WARN_COMMA = YES;
				CLANG_WARN_CONSTANT_CONVERSION = YES;
				CLANG_WARN_DEPRECATED_OBJC_IMPLEMENTATIONS = YES;
				CLANG_WARN_DIRECT_OBJC_ISA_USAGE = YES_ERROR;
				CLANG_WARN_DOCUMENTATION_COMMENTS = YES;
				CLANG_WARN_EMPTY_BODY = YES;
				CLANG_WARN_ENUM_CONVERSION = YES;
				CLANG_WARN_INFINITE_RECURSION = YES;
				CLANG_WARN_INT_CONVERSION = YES;
				CLANG_WARN_NON_LITERAL_NULL_CONVERSION = YES;
				CLANG_WARN_OBJC_IMPLICIT_RETAIN_SELF = YES;
				CLANG_WARN_OBJC_LITERAL_CONVERSION = YES;
				CLANG_WARN_OBJC_ROOT_CLASS = YES_ERROR;
				CLANG_WARN_QUOTED_INCLUDE_IN_FRAMEWORK_HEADER = YES;
				CLANG_WARN_RANGE_LOOP_ANALYSIS = YES;
				CLANG_WARN_STRICT_PROTOTYPES = YES;
				CLANG_WARN_SUSPICIOUS_MOVE = YES;
				CLANG_WARN_UNGUARDED_AVAILABILITY = YES_AGGRESSIVE;
				CLANG_WARN_UNREACHABLE_CODE = YES;
				CLANG_WARN__DUPLICATE_METHOD_MATCH = YES;
				COPY_PHASE_STRIP = NO;
				DEBUG_INFORMATION_FORMAT = "dwarf-with-dsym";
				ENABLE_NS_ASSERTIONS = NO;
				ENABLE_STRICT_OBJC_MSGSEND = YES;
				GCC_C_LANGUAGE_STANDARD = gnu11;
				GCC_NO_COMMON_BLOCKS = YES;
				GCC_WARN_64_TO_32_BIT_CONVERSION = YES;
				GCC_WARN_ABOUT_RETURN_TYPE = YES_ERROR;
				GCC_WARN_UNDECLARED_SELECTOR = YES;
				GCC_WARN_UNINITIALIZED_AUTOS = YES_AGGRESSIVE;
				GCC_WARN_UNUSED_FUNCTION = YES;
				GCC_WARN_UNUSED_VARIABLE = YES;
				IPHONEOS_DEPLOYMENT_TARGET = 15.4;
				MTL_ENABLE_DEBUG_INFO = NO;
				MTL_FAST_MATH = YES;
				SDKROOT = iphoneos;
				SWIFT_COMPILATION_MODE = wholemodule;
				SWIFT_OPTIMIZATION_LEVEL = "-O";
				VALIDATE_PRODUCT = YES;
			};
			name = Release;
		};
		EEB8AD9428346FA500C44C6F /* Debug */ = {
			isa = XCBuildConfiguration;
			buildSettings = {
				ASSETCATALOG_COMPILER_APPICON_NAME = AppIcon;
				ASSETCATALOG_COMPILER_GLOBAL_ACCENT_COLOR_NAME = AccentColor;
				CODE_SIGN_STYLE = Automatic;
				CURRENT_PROJECT_VERSION = 1;
				DEVELOPMENT_TEAM = Q2JZBR7H7Y;
				GENERATE_INFOPLIST_FILE = YES;
				INFOPLIST_FILE = "bamboo-iOS/Supporting/Info.plist";
				INFOPLIST_KEY_UIApplicationSupportsIndirectInputEvents = YES;
				INFOPLIST_KEY_UILaunchStoryboardName = LaunchScreen;
				INFOPLIST_KEY_UISupportedInterfaceOrientations_iPad = "UIInterfaceOrientationPortrait UIInterfaceOrientationPortraitUpsideDown UIInterfaceOrientationLandscapeLeft UIInterfaceOrientationLandscapeRight";
				INFOPLIST_KEY_UISupportedInterfaceOrientations_iPhone = "UIInterfaceOrientationPortrait UIInterfaceOrientationLandscapeLeft UIInterfaceOrientationLandscapeRight";
				LD_RUNPATH_SEARCH_PATHS = (
					"$(inherited)",
					"@executable_path/Frameworks",
				);
				MARKETING_VERSION = 1.0;
				PRODUCT_BUNDLE_IDENTIFIER = "JiHoonAHN.bamboo-iOS";
				PRODUCT_NAME = "$(TARGET_NAME)";
				SWIFT_EMIT_LOC_STRINGS = YES;
				SWIFT_VERSION = 5.0;
				TARGETED_DEVICE_FAMILY = "1,2";
			};
			name = Debug;
		};
		EEB8AD9528346FA500C44C6F /* Release */ = {
			isa = XCBuildConfiguration;
			buildSettings = {
				ASSETCATALOG_COMPILER_APPICON_NAME = AppIcon;
				ASSETCATALOG_COMPILER_GLOBAL_ACCENT_COLOR_NAME = AccentColor;
				CODE_SIGN_STYLE = Automatic;
				CURRENT_PROJECT_VERSION = 1;
				DEVELOPMENT_TEAM = Q2JZBR7H7Y;
				GENERATE_INFOPLIST_FILE = YES;
				INFOPLIST_FILE = "bamboo-iOS/Supporting/Info.plist";
				INFOPLIST_KEY_UIApplicationSupportsIndirectInputEvents = YES;
				INFOPLIST_KEY_UILaunchStoryboardName = LaunchScreen;
				INFOPLIST_KEY_UISupportedInterfaceOrientations_iPad = "UIInterfaceOrientationPortrait UIInterfaceOrientationPortraitUpsideDown UIInterfaceOrientationLandscapeLeft UIInterfaceOrientationLandscapeRight";
				INFOPLIST_KEY_UISupportedInterfaceOrientations_iPhone = "UIInterfaceOrientationPortrait UIInterfaceOrientationLandscapeLeft UIInterfaceOrientationLandscapeRight";
				LD_RUNPATH_SEARCH_PATHS = (
					"$(inherited)",
					"@executable_path/Frameworks",
				);
				MARKETING_VERSION = 1.0;
				PRODUCT_BUNDLE_IDENTIFIER = "JiHoonAHN.bamboo-iOS";
				PRODUCT_NAME = "$(TARGET_NAME)";
				SWIFT_EMIT_LOC_STRINGS = YES;
				SWIFT_VERSION = 5.0;
				TARGETED_DEVICE_FAMILY = "1,2";
			};
			name = Release;
		};
/* End XCBuildConfiguration section */

/* Begin XCConfigurationList section */
		EEB8AD7A28346FA400C44C6F /* Build configuration list for PBXProject "bamboo-iOS" */ = {
			isa = XCConfigurationList;
			buildConfigurations = (
				EEB8AD9128346FA500C44C6F /* Debug */,
				EEB8AD9228346FA500C44C6F /* Release */,
			);
			defaultConfigurationIsVisible = 0;
			defaultConfigurationName = Release;
		};
		EEB8AD9328346FA500C44C6F /* Build configuration list for PBXNativeTarget "bamboo-iOS" */ = {
			isa = XCConfigurationList;
			buildConfigurations = (
				EEB8AD9428346FA500C44C6F /* Debug */,
				EEB8AD9528346FA500C44C6F /* Release */,
			);
			defaultConfigurationIsVisible = 0;
			defaultConfigurationName = Release;
		};
/* End XCConfigurationList section */

/* Begin XCRemoteSwiftPackageReference section */
		EEB8ADAC283473BE00C44C6F /* XCRemoteSwiftPackageReference "RxFlow" */ = {
			isa = XCRemoteSwiftPackageReference;
			repositoryURL = "https://github.com/RxSwiftCommunity/RxFlow";
			requirement = {
				branch = main;
				kind = branch;
			};
		};
		EEB8ADAF283473D300C44C6F /* XCRemoteSwiftPackageReference "ReactorKit" */ = {
			isa = XCRemoteSwiftPackageReference;
			repositoryURL = "https://github.com/ReactorKit/ReactorKit";
			requirement = {
				branch = master;
				kind = branch;
			};
		};
		EEB8ADB2283473E300C44C6F /* XCRemoteSwiftPackageReference "Swinject" */ = {
			isa = XCRemoteSwiftPackageReference;
			repositoryURL = "https://github.com/Swinject/Swinject.git";
			requirement = {
				branch = master;
				kind = branch;
			};
		};
		EEB8ADB5283473F300C44C6F /* XCRemoteSwiftPackageReference "keychain-swift" */ = {
			isa = XCRemoteSwiftPackageReference;
			repositoryURL = "https://github.com/evgenyneu/keychain-swift.git";
			requirement = {
				branch = master;
				kind = branch;
			};
		};
		EEB8ADB82834742300C44C6F /* XCRemoteSwiftPackageReference "IQKeyboardManager" */ = {
			isa = XCRemoteSwiftPackageReference;
			repositoryURL = "https://github.com/hackiftekhar/IQKeyboardManager.git";
			requirement = {
				branch = master;
				kind = branch;
			};
		};
		EEB8ADBB2834743F00C44C6F /* XCRemoteSwiftPackageReference "RxKeyboard" */ = {
			isa = XCRemoteSwiftPackageReference;
			repositoryURL = "https://github.com/RxSwiftCommunity/RxKeyboard.git";
			requirement = {
				branch = master;
				kind = branch;
			};
		};
		EEB8ADBE2834746200C44C6F /* XCRemoteSwiftPackageReference "Moya" */ = {
			isa = XCRemoteSwiftPackageReference;
			repositoryURL = "https://github.com/Moya/Moya";
			requirement = {
				branch = master;
				kind = branch;
			};
		};
		EEB8ADC12834746E00C44C6F /* XCRemoteSwiftPackageReference "keychain-swift" */ = {
			isa = XCRemoteSwiftPackageReference;
			repositoryURL = "https://github.com/evgenyneu/keychain-swift.git";
			requirement = {
				branch = master;
				kind = branch;
			};
		};
		EEB8ADC4283474A300C44C6F /* XCRemoteSwiftPackageReference "PanModal" */ = {
			isa = XCRemoteSwiftPackageReference;
			repositoryURL = "https://github.com/slackhq/PanModal";
			requirement = {
				branch = master;
				kind = branch;
			};
		};
		EEB8ADC72834756400C44C6F /* XCRemoteSwiftPackageReference "DropDown" */ = {
			isa = XCRemoteSwiftPackageReference;
			repositoryURL = "https://github.com/AssistoLab/DropDown";
			requirement = {
				branch = master;
				kind = branch;
			};
		};
		EEB8ADCA283475BE00C44C6F /* XCRemoteSwiftPackageReference "SnapKit" */ = {
			isa = XCRemoteSwiftPackageReference;
			repositoryURL = "https://github.com/SnapKit/SnapKit";
			requirement = {
				branch = develop;
				kind = branch;
			};
		};
		EEB8ADCD283475F700C44C6F /* XCRemoteSwiftPackageReference "Then" */ = {
			isa = XCRemoteSwiftPackageReference;
			repositoryURL = "https://github.com/devxoul/Then";
			requirement = {
				branch = master;
				kind = branch;
			};
		};
		EEB8ADD32834789600C44C6F /* XCRemoteSwiftPackageReference "RxSwift" */ = {
			isa = XCRemoteSwiftPackageReference;
			repositoryURL = "https://github.com/ReactiveX/RxSwift.git";
			requirement = {
				branch = main;
				kind = branch;
			};
		};
		EEB8ADFF28349D5E00C44C6F /* XCRemoteSwiftPackageReference "PinLayout" */ = {
			isa = XCRemoteSwiftPackageReference;
			repositoryURL = "https://github.com/layoutBox/PinLayout";
			requirement = {
				branch = master;
				kind = branch;
			};
		};
		EEB8AE0228349DFA00C44C6F /* XCRemoteSwiftPackageReference "FlexLayout" */ = {
			isa = XCRemoteSwiftPackageReference;
			repositoryURL = "https://github.com/layoutBox/FlexLayout.git";
			requirement = {
				branch = master;
				kind = branch;
			};
		};
/* End XCRemoteSwiftPackageReference section */

/* Begin XCSwiftPackageProductDependency section */
		EEB8ADAD283473BE00C44C6F /* RxFlow */ = {
			isa = XCSwiftPackageProductDependency;
			package = EEB8ADAC283473BE00C44C6F /* XCRemoteSwiftPackageReference "RxFlow" */;
			productName = RxFlow;
		};
		EEB8ADB0283473D300C44C6F /* ReactorKit */ = {
			isa = XCSwiftPackageProductDependency;
			package = EEB8ADAF283473D300C44C6F /* XCRemoteSwiftPackageReference "ReactorKit" */;
			productName = ReactorKit;
		};
		EEB8ADB3283473E300C44C6F /* Swinject */ = {
			isa = XCSwiftPackageProductDependency;
			package = EEB8ADB2283473E300C44C6F /* XCRemoteSwiftPackageReference "Swinject" */;
			productName = Swinject;
		};
		EEB8ADB6283473F300C44C6F /* KeychainSwift */ = {
			isa = XCSwiftPackageProductDependency;
			package = EEB8ADB5283473F300C44C6F /* XCRemoteSwiftPackageReference "keychain-swift" */;
			productName = KeychainSwift;
		};
		EEB8ADB92834742300C44C6F /* IQKeyboardManagerSwift */ = {
			isa = XCSwiftPackageProductDependency;
			package = EEB8ADB82834742300C44C6F /* XCRemoteSwiftPackageReference "IQKeyboardManager" */;
			productName = IQKeyboardManagerSwift;
		};
		EEB8ADBC2834743F00C44C6F /* RxKeyboard */ = {
			isa = XCSwiftPackageProductDependency;
			package = EEB8ADBB2834743F00C44C6F /* XCRemoteSwiftPackageReference "RxKeyboard" */;
			productName = RxKeyboard;
		};
		EEB8ADBF2834746200C44C6F /* RxMoya */ = {
			isa = XCSwiftPackageProductDependency;
			package = EEB8ADBE2834746200C44C6F /* XCRemoteSwiftPackageReference "Moya" */;
			productName = RxMoya;
		};
		EEB8ADC22834746E00C44C6F /* KeychainSwift */ = {
			isa = XCSwiftPackageProductDependency;
			package = EEB8ADB5283473F300C44C6F /* XCRemoteSwiftPackageReference "keychain-swift" */;
			productName = KeychainSwift;
		};
		EEB8ADC5283474A300C44C6F /* PanModal */ = {
			isa = XCSwiftPackageProductDependency;
			package = EEB8ADC4283474A300C44C6F /* XCRemoteSwiftPackageReference "PanModal" */;
			productName = PanModal;
		};
		EEB8ADC82834756400C44C6F /* DropDown */ = {
			isa = XCSwiftPackageProductDependency;
			package = EEB8ADC72834756400C44C6F /* XCRemoteSwiftPackageReference "DropDown" */;
			productName = DropDown;
		};
		EEB8ADCB283475BE00C44C6F /* SnapKit */ = {
			isa = XCSwiftPackageProductDependency;
			package = EEB8ADCA283475BE00C44C6F /* XCRemoteSwiftPackageReference "SnapKit" */;
			productName = SnapKit;
		};
		EEB8ADCE283475F700C44C6F /* Then */ = {
			isa = XCSwiftPackageProductDependency;
			package = EEB8ADCD283475F700C44C6F /* XCRemoteSwiftPackageReference "Then" */;
			productName = Then;
		};
		EEB8ADD5283478A900C44C6F /* RxCocoa */ = {
			isa = XCSwiftPackageProductDependency;
			package = EEB8ADD32834789600C44C6F /* XCRemoteSwiftPackageReference "RxSwift" */;
			productName = RxCocoa;
		};
		EEB8ADD7283478B300C44C6F /* RxBlocking */ = {
			isa = XCSwiftPackageProductDependency;
			package = EEB8ADD32834789600C44C6F /* XCRemoteSwiftPackageReference "RxSwift" */;
			productName = RxBlocking;
		};
		EEB8ADD9283478B300C44C6F /* RxRelay */ = {
			isa = XCSwiftPackageProductDependency;
			package = EEB8ADD32834789600C44C6F /* XCRemoteSwiftPackageReference "RxSwift" */;
			productName = RxRelay;
		};
		EEB8ADDB283478B300C44C6F /* RxSwift */ = {
			isa = XCSwiftPackageProductDependency;
			package = EEB8ADD32834789600C44C6F /* XCRemoteSwiftPackageReference "RxSwift" */;
			productName = RxSwift;
		};
		EEB8ADDD28347AE200C44C6F /* Base */ = {
			isa = XCSwiftPackageProductDependency;
			productName = Base;
		};
		EEB8ADDF28347AE200C44C6F /* RxUtil */ = {
			isa = XCSwiftPackageProductDependency;
			productName = RxUtil;
		};
		EEB8ADE128347AE200C44C6F /* UIUtil */ = {
			isa = XCSwiftPackageProductDependency;
			productName = UIUtil;
		};
		EEB8ADFD283495FD00C44C6F /* BamBooColor */ = {
			isa = XCSwiftPackageProductDependency;
			productName = BamBooColor;
		};
		EEB8AE0028349D5E00C44C6F /* PinLayout */ = {
			isa = XCSwiftPackageProductDependency;
			package = EEB8ADFF28349D5E00C44C6F /* XCRemoteSwiftPackageReference "PinLayout" */;
			productName = PinLayout;
		};
		EEB8AE0328349DFA00C44C6F /* FlexLayout */ = {
			isa = XCSwiftPackageProductDependency;
			package = EEB8AE0228349DFA00C44C6F /* XCRemoteSwiftPackageReference "FlexLayout" */;
			productName = FlexLayout;
		};
/* End XCSwiftPackageProductDependency section */
	};
	rootObject = EEB8AD7728346FA400C44C6F /* Project object */;
}
