// !$*UTF8*$!
{
	archiveVersion = 1;
	classes = {
	};
	objectVersion = 51;
	objects = {

/* Begin PBXBuildFile section */
		0DE5110F3AF51649AF7D0E45 /* Pods_bamboo_iOS.framework in Frameworks */ = {isa = PBXBuildFile; fileRef = C33F7F11005C1FA2558983EB /* Pods_bamboo_iOS.framework */; };
		EE09E9372772CDF50032F1AA /* noWifiReactor.swift in Sources */ = {isa = PBXBuildFile; fileRef = EE09E9362772CDF50032F1AA /* noWifiReactor.swift */; };
		EE09E9392772ED8F0032F1AA /* ActivityIndicator.swift in Sources */ = {isa = PBXBuildFile; fileRef = EE09E9382772ED8F0032F1AA /* ActivityIndicator.swift */; };
		EE09E941277349710032F1AA /* ModelType.swift in Sources */ = {isa = PBXBuildFile; fileRef = EE09E940277349710032F1AA /* ModelType.swift */; };
		EE210FED2725A1DE00320FFD /* EditContentModal.swift in Sources */ = {isa = PBXBuildFile; fileRef = EE210FEC2725A1DE00320FFD /* EditContentModal.swift */; };
		EE30E5742706B04A00B9AF8A /* AlertTextView.swift in Sources */ = {isa = PBXBuildFile; fileRef = EE30E5732706B04A00B9AF8A /* AlertTextView.swift */; };
		EE30E57D2706E8A900B9AF8A /* DropDownTableViewCell.swift in Sources */ = {isa = PBXBuildFile; fileRef = EE30E57C2706E8A900B9AF8A /* DropDownTableViewCell.swift */; };
		EE3BA5792702EFBE00281096 /* BaseTableViewCell.swift in Sources */ = {isa = PBXBuildFile; fileRef = EE3BA5782702EFBE00281096 /* BaseTableViewCell.swift */; };
		EE3BA57C2702F0B200281096 /* BulletinBoardsTableViewCell.swift in Sources */ = {isa = PBXBuildFile; fileRef = EE3BA57B2702F0B200281096 /* BulletinBoardsTableViewCell.swift */; };
		EE3BA57E2702F2A100281096 /* UserData.swift in Sources */ = {isa = PBXBuildFile; fileRef = EE3BA57D2702F2A100281096 /* UserData.swift */; };
		EE3BA58327032ACC00281096 /* WritingBulletinBoardModal.swift in Sources */ = {isa = PBXBuildFile; fileRef = EE3BA58227032ACC00281096 /* WritingBulletinBoardModal.swift */; };
		EE3BA5862703D47400281096 /* noWifiViewController.swift in Sources */ = {isa = PBXBuildFile; fileRef = EE3BA5852703D47400281096 /* noWifiViewController.swift */; };
		EE3BA5882703EDED00281096 /* Network.framework in Frameworks */ = {isa = PBXBuildFile; fileRef = EE3BA5872703EDED00281096 /* Network.framework */; };
		EE489A992771B60200513E94 /* OSLogExt.swift in Sources */ = {isa = PBXBuildFile; fileRef = EE489A982771B60200513E94 /* OSLogExt.swift */; };
		EE55923C270DEC4E00223D22 /* ManagerData.swift in Sources */ = {isa = PBXBuildFile; fileRef = EE55923B270DEC4E00223D22 /* ManagerData.swift */; };
		EE680E54271EB93C006D0F03 /* LikeOrDisLikeView.swift in Sources */ = {isa = PBXBuildFile; fileRef = EE680E53271EB93C006D0F03 /* LikeOrDisLikeView.swift */; };
		EE7C6F7B26EEEC960071031C /* MainViewController.swift in Sources */ = {isa = PBXBuildFile; fileRef = EE7C6F7A26EEEC960071031C /* MainViewController.swift */; };
		EE7CA2D0271D3B45003140CD /* AcceptViewController.swift in Sources */ = {isa = PBXBuildFile; fileRef = EE7CA2CF271D3B45003140CD /* AcceptViewController.swift */; };
		EE7CA2D5271D6D1E003140CD /* StandByViewController.swift in Sources */ = {isa = PBXBuildFile; fileRef = EE7CA2D4271D6D1E003140CD /* StandByViewController.swift */; };
		EE7CA2D7271D6D64003140CD /* RefusalViewController.swift in Sources */ = {isa = PBXBuildFile; fileRef = EE7CA2D6271D6D64003140CD /* RefusalViewController.swift */; };
		EE7CA2D9271D6EAD003140CD /* DeleteViewController.swift in Sources */ = {isa = PBXBuildFile; fileRef = EE7CA2D8271D6EAD003140CD /* DeleteViewController.swift */; };
		EE7CA2E6271D9234003140CD /* StandByTableViewCell.swift in Sources */ = {isa = PBXBuildFile; fileRef = EE7CA2E5271D9234003140CD /* StandByTableViewCell.swift */; };
		EE7CA2E8271D92AB003140CD /* RefusalTableViewCell.swift in Sources */ = {isa = PBXBuildFile; fileRef = EE7CA2E7271D92AB003140CD /* RefusalTableViewCell.swift */; };
		EE7CA2EA271D92BB003140CD /* DeleteTableViewCell.swift in Sources */ = {isa = PBXBuildFile; fileRef = EE7CA2E9271D92BB003140CD /* DeleteTableViewCell.swift */; };
		EE8064292727034E0040B295 /* RefusalModal.swift in Sources */ = {isa = PBXBuildFile; fileRef = EE8064282727034E0040B295 /* RefusalModal.swift */; };
		EE80A8022730C8A700FF204C /* ManagerLoginModal.swift in Sources */ = {isa = PBXBuildFile; fileRef = EE80A8012730C8A700FF204C /* ManagerLoginModal.swift */; };
		EE8141F827018AAA00ECFDCC /* DetailText.swift in Sources */ = {isa = PBXBuildFile; fileRef = EE8141F727018AAA00ECFDCC /* DetailText.swift */; };
		EE8141FA27018E0C00ECFDCC /* ExplanationLabel.swift in Sources */ = {isa = PBXBuildFile; fileRef = EE8141F927018E0C00ECFDCC /* ExplanationLabel.swift */; };
		EE8141FE2701CEA000ECFDCC /* RuleText.swift in Sources */ = {isa = PBXBuildFile; fileRef = EE8141FD2701CEA000ECFDCC /* RuleText.swift */; };
		EE8343F82742A98000991D32 /* GoogleLogin.swift in Sources */ = {isa = PBXBuildFile; fileRef = EE8343F72742A98000991D32 /* GoogleLogin.swift */; };
		EE89810A26E5FD400086D2D6 /* AppDelegate.swift in Sources */ = {isa = PBXBuildFile; fileRef = EE89810926E5FD400086D2D6 /* AppDelegate.swift */; };
		EE89810C26E5FD400086D2D6 /* SceneDelegate.swift in Sources */ = {isa = PBXBuildFile; fileRef = EE89810B26E5FD400086D2D6 /* SceneDelegate.swift */; };
		EE89811326E5FD410086D2D6 /* Assets.xcassets in Resources */ = {isa = PBXBuildFile; fileRef = EE89811226E5FD410086D2D6 /* Assets.xcassets */; };
		EE89811626E5FD410086D2D6 /* LaunchScreen.storyboard in Resources */ = {isa = PBXBuildFile; fileRef = EE89811426E5FD410086D2D6 /* LaunchScreen.storyboard */; };
		EE8BD66E2741581D003D419F /* CustomGoogleOauthBtn.swift in Sources */ = {isa = PBXBuildFile; fileRef = EE8BD66D2741581D003D419F /* CustomGoogleOauthBtn.swift */; };
		EE8E5CA22759D74C0042CB70 /* DeviceExt.swift in Sources */ = {isa = PBXBuildFile; fileRef = EE8E5CA12759D74C0042CB70 /* DeviceExt.swift */; };
		EE8E5CA42759EB250042CB70 /* LoginFlow.swift in Sources */ = {isa = PBXBuildFile; fileRef = EE8E5CA32759EB250042CB70 /* LoginFlow.swift */; };
		EE953A3A270678CC00D4E133 /* LoadingIndicator.swift in Sources */ = {isa = PBXBuildFile; fileRef = EE953A39270678CC00D4E133 /* LoadingIndicator.swift */; };
		EE9582D02729AD1600AAEC8A /* ReportModal.swift in Sources */ = {isa = PBXBuildFile; fileRef = EE9582CF2729AD1600AAEC8A /* ReportModal.swift */; };
		EE963D34273401A6005070B5 /* GoogleOauthModalVC.swift in Sources */ = {isa = PBXBuildFile; fileRef = EE963D33273401A6005070B5 /* GoogleOauthModalVC.swift */; };
		EE97ACE9275DB3A000A05857 /* MainFlow.swift in Sources */ = {isa = PBXBuildFile; fileRef = EE97ACE8275DB3A000A05857 /* MainFlow.swift */; };
		EE97ACEB275DB43400A05857 /* HomeFlow.swift in Sources */ = {isa = PBXBuildFile; fileRef = EE97ACEA275DB43400A05857 /* HomeFlow.swift */; };
		EE97ACED275DB5F100A05857 /* RuleFlow.swift in Sources */ = {isa = PBXBuildFile; fileRef = EE97ACEC275DB5F100A05857 /* RuleFlow.swift */; };
		EE97ACEF275DB68400A05857 /* DetailFlow.swift in Sources */ = {isa = PBXBuildFile; fileRef = EE97ACEE275DB68400A05857 /* DetailFlow.swift */; };
		EE97ACF1275DEAF500A05857 /* MainReactor.swift in Sources */ = {isa = PBXBuildFile; fileRef = EE97ACF0275DEAF500A05857 /* MainReactor.swift */; };
		EE97ACF5275DFBF700A05857 /* ManagerMainFlow.swift in Sources */ = {isa = PBXBuildFile; fileRef = EE97ACF4275DFBF700A05857 /* ManagerMainFlow.swift */; };
		EE97ACF7275DFCB600A05857 /* AcceptFlow.swift in Sources */ = {isa = PBXBuildFile; fileRef = EE97ACF6275DFCB600A05857 /* AcceptFlow.swift */; };
		EE97ACFA275E095500A05857 /* RuleReactor.swift in Sources */ = {isa = PBXBuildFile; fileRef = EE97ACF9275E095500A05857 /* RuleReactor.swift */; };
		EE97ACFC275E097900A05857 /* DetailReactor.swift in Sources */ = {isa = PBXBuildFile; fileRef = EE97ACFB275E097900A05857 /* DetailReactor.swift */; };
		EE97ACFE275E0F6C00A05857 /* AcceptReactor.swift in Sources */ = {isa = PBXBuildFile; fileRef = EE97ACFD275E0F6C00A05857 /* AcceptReactor.swift */; };
		EE97B7392719E75500479A06 /* CustomDropDownBtn.swift in Sources */ = {isa = PBXBuildFile; fileRef = EE97B7382719E75500479A06 /* CustomDropDownBtn.swift */; };
		EE98CE4A277055F100AE407B /* Cell+ReusableID.swift in Sources */ = {isa = PBXBuildFile; fileRef = EE98CE49277055F100AE407B /* Cell+ReusableID.swift */; };
		EE98CE4C277056DA00AE407B /* EditContentModalReactor.swift in Sources */ = {isa = PBXBuildFile; fileRef = EE98CE4B277056DA00AE407B /* EditContentModalReactor.swift */; };
		EE9F0D5526E8B7F00015E81B /* LoginViewController.swift in Sources */ = {isa = PBXBuildFile; fileRef = EE9F0D5426E8B7F00015E81B /* LoginViewController.swift */; };
		EE9F0D5826E8B82C0015E81B /* CALayerExt.swift in Sources */ = {isa = PBXBuildFile; fileRef = EE9F0D5726E8B82C0015E81B /* CALayerExt.swift */; };
		EE9F0D5C26E8CFD40015E81B /* LoginButton.swift in Sources */ = {isa = PBXBuildFile; fileRef = EE9F0D5B26E8CFD40015E81B /* LoginButton.swift */; };
		EEA5AF332705BABE000FF48A /* NetWorkStatus.swift in Sources */ = {isa = PBXBuildFile; fileRef = EEA5AF322705BABE000FF48A /* NetWorkStatus.swift */; };
		EEA5FDD326ECF202004856F3 /* AlertTextField.swift in Sources */ = {isa = PBXBuildFile; fileRef = EEA5FDD226ECF202004856F3 /* AlertTextField.swift */; };
		EEAA0630270D8102000EA78D /* AcceptManagerTableViewCell.swift in Sources */ = {isa = PBXBuildFile; fileRef = EEAA062F270D8102000EA78D /* AcceptManagerTableViewCell.swift */; };
		EEB198F8275F7D0A000375AB /* WritingBulletinBoardReactor.swift in Sources */ = {isa = PBXBuildFile; fileRef = EEB198F7275F7D0A000375AB /* WritingBulletinBoardReactor.swift */; };
		EEB198FA275FA650000375AB /* StandByFlow.swift in Sources */ = {isa = PBXBuildFile; fileRef = EEB198F9275FA650000375AB /* StandByFlow.swift */; };
		EEB3E483276F269A009BC98D /* RefusalModalReactor.swift in Sources */ = {isa = PBXBuildFile; fileRef = EEB3E482276F269A009BC98D /* RefusalModalReactor.swift */; };
		EEBA436126ED12500062642F /* NanumSquareRoundB.ttf in Resources */ = {isa = PBXBuildFile; fileRef = EE9F0D1826E78F130015E81B /* NanumSquareRoundB.ttf */; };
		EEBA436226ED12540062642F /* NanumSquareRoundEB.ttf in Resources */ = {isa = PBXBuildFile; fileRef = EE9F0D1B26E78F130015E81B /* NanumSquareRoundEB.ttf */; };
		EEBA436326ED12560062642F /* NanumSquareRoundL.ttf in Resources */ = {isa = PBXBuildFile; fileRef = EE9F0D1926E78F130015E81B /* NanumSquareRoundL.ttf */; };
		EEBA436426ED12580062642F /* NanumSquareRoundR.ttf in Resources */ = {isa = PBXBuildFile; fileRef = EE9F0D1A26E78F130015E81B /* NanumSquareRoundR.ttf */; };
		EEBDA34126FB5C0300B966E3 /* DetailViewController.swift in Sources */ = {isa = PBXBuildFile; fileRef = EEBDA34026FB5C0300B966E3 /* DetailViewController.swift */; };
		EEBDA34426FB5C7500B966E3 /* RuleViewController.swift in Sources */ = {isa = PBXBuildFile; fileRef = EEBDA34326FB5C7500B966E3 /* RuleViewController.swift */; };
		EEBDA34626FC0FBE00B966E3 /* OSLog.framework in Frameworks */ = {isa = PBXBuildFile; fileRef = EEBDA34526FC0FBE00B966E3 /* OSLog.framework */; };
		EEC430192758A57B008F802F /* LoginReactor.swift in Sources */ = {isa = PBXBuildFile; fileRef = EEC430182758A57B008F802F /* LoginReactor.swift */; };
		EEC4301B2758A812008F802F /* AppFlow.swift in Sources */ = {isa = PBXBuildFile; fileRef = EEC4301A2758A812008F802F /* AppFlow.swift */; };
		EEC4301F2758A952008F802F /* ManagerLoginAPI.swift in Sources */ = {isa = PBXBuildFile; fileRef = EEC4301E2758A952008F802F /* ManagerLoginAPI.swift */; };
		EEC4302327591141008F802F /* BambooStep.swift in Sources */ = {isa = PBXBuildFile; fileRef = EEC4302227591141008F802F /* BambooStep.swift */; };
		EEC4302B27591488008F802F /* StepExt.swift in Sources */ = {isa = PBXBuildFile; fileRef = EEC4302A27591488008F802F /* StepExt.swift */; };
		EECCC126275D04000068A4BD /* ViewExt.swift in Sources */ = {isa = PBXBuildFile; fileRef = EECCC125275D04000068A4BD /* ViewExt.swift */; };
		EECCC128275D041C0068A4BD /* ColorExt.swift in Sources */ = {isa = PBXBuildFile; fileRef = EECCC127275D041C0068A4BD /* ColorExt.swift */; };
		EECCC12A275D045B0068A4BD /* NavigationExt.swift in Sources */ = {isa = PBXBuildFile; fileRef = EECCC129275D045B0068A4BD /* NavigationExt.swift */; };
		EECCC12C275D04790068A4BD /* LabelExt.swift in Sources */ = {isa = PBXBuildFile; fileRef = EECCC12B275D04790068A4BD /* LabelExt.swift */; };
		EECCC12E275D04A10068A4BD /* NSMutableAttributedStringExt.swift in Sources */ = {isa = PBXBuildFile; fileRef = EECCC12D275D04A10068A4BD /* NSMutableAttributedStringExt.swift */; };
		EECDE318276A0D4C0075711C /* ServiceProvider.swift in Sources */ = {isa = PBXBuildFile; fileRef = EECDE317276A0D4C0075711C /* ServiceProvider.swift */; };
		EECDE31A276A0D830075711C /* UserLoginService.swift in Sources */ = {isa = PBXBuildFile; fileRef = EECDE319276A0D830075711C /* UserLoginService.swift */; };
		EECDE31C276A0E140075711C /* BaseService.swift in Sources */ = {isa = PBXBuildFile; fileRef = EECDE31B276A0E140075711C /* BaseService.swift */; };
		EED1FD342761D35A004AD43E /* APIEnvironment.swift in Sources */ = {isa = PBXBuildFile; fileRef = EED1FD332761D35A004AD43E /* APIEnvironment.swift */; };
		EED1FD362761D6D5004AD43E /* Networkable.swift in Sources */ = {isa = PBXBuildFile; fileRef = EED1FD352761D6D5004AD43E /* Networkable.swift */; };
		EED1FD382761E5D5004AD43E /* RefusalFlow.swift in Sources */ = {isa = PBXBuildFile; fileRef = EED1FD372761E5D5004AD43E /* RefusalFlow.swift */; };
		EED265522761733E00A1994A /* bamboo_iOSTests.swift in Sources */ = {isa = PBXBuildFile; fileRef = EED265512761733E00A1994A /* bamboo_iOSTests.swift */; };
		EED42DC52763BAA100898537 /* DeleteFlow.swift in Sources */ = {isa = PBXBuildFile; fileRef = EED42DC42763BAA100898537 /* DeleteFlow.swift */; };
		EED42DC72763BD4900898537 /* StandByReactor.swift in Sources */ = {isa = PBXBuildFile; fileRef = EED42DC62763BD4900898537 /* StandByReactor.swift */; };
		EED42DC92763BD6300898537 /* RefusalReactor.swift in Sources */ = {isa = PBXBuildFile; fileRef = EED42DC82763BD6300898537 /* RefusalReactor.swift */; };
		EED42DCB2763BD8500898537 /* DeleteReactor.swift in Sources */ = {isa = PBXBuildFile; fileRef = EED42DCA2763BD8500898537 /* DeleteReactor.swift */; };
		EEDEF94C276AE54C00585C26 /* ReportReactor.swift in Sources */ = {isa = PBXBuildFile; fileRef = EEDEF94B276AE54C00585C26 /* ReportReactor.swift */; };
		EEDEF950276B3E8600585C26 /* client_469455837990-lkd2grmq4c947eierj7m6rh83259m2ro.apps.googleusercontent.com.plist in Resources */ = {isa = PBXBuildFile; fileRef = EEDEF94F276B3E8600585C26 /* client_469455837990-lkd2grmq4c947eierj7m6rh83259m2ro.apps.googleusercontent.com.plist */; };
		EEE8149A275A7BF80008B06A /* GoogleOauthModalReactor.swift in Sources */ = {isa = PBXBuildFile; fileRef = EEE81499275A7BF80008B06A /* GoogleOauthModalReactor.swift */; };
		EEE8149C275BB5E10008B06A /* ManagerLoginModalReactor.swift in Sources */ = {isa = PBXBuildFile; fileRef = EEE8149B275BB5E10008B06A /* ManagerLoginModalReactor.swift */; };
		EEF42F17270BDAD00088043F /* BaseVC.swift in Sources */ = {isa = PBXBuildFile; fileRef = EEF42F16270BDAD00088043F /* BaseVC.swift */; };
		FECA09B151A83DCCFC5F6C47 /* Pods_bamboo_iOS_bamboo_iOSTests.framework in Frameworks */ = {isa = PBXBuildFile; fileRef = 69A3B7F80B59DB3A3E25D62A /* Pods_bamboo_iOS_bamboo_iOSTests.framework */; };
/* End PBXBuildFile section */

/* Begin PBXContainerItemProxy section */
		EED265532761733E00A1994A /* PBXContainerItemProxy */ = {
			isa = PBXContainerItemProxy;
			containerPortal = EE8980FE26E5FD400086D2D6 /* Project object */;
			proxyType = 1;
			remoteGlobalIDString = EE89810526E5FD400086D2D6;
			remoteInfo = "bamboo-iOS";
		};
/* End PBXContainerItemProxy section */

/* Begin PBXFileReference section */
		1EF78B3550F3909AFDB7E7A0 /* Pods-bamboo-iOS.release.xcconfig */ = {isa = PBXFileReference; includeInIndex = 1; lastKnownFileType = text.xcconfig; name = "Pods-bamboo-iOS.release.xcconfig"; path = "Target Support Files/Pods-bamboo-iOS/Pods-bamboo-iOS.release.xcconfig"; sourceTree = "<group>"; };
		450B525D3040C9D8D909B9E5 /* Pods-bamboo-iOS.debug.xcconfig */ = {isa = PBXFileReference; includeInIndex = 1; lastKnownFileType = text.xcconfig; name = "Pods-bamboo-iOS.debug.xcconfig"; path = "Target Support Files/Pods-bamboo-iOS/Pods-bamboo-iOS.debug.xcconfig"; sourceTree = "<group>"; };
		69A3B7F80B59DB3A3E25D62A /* Pods_bamboo_iOS_bamboo_iOSTests.framework */ = {isa = PBXFileReference; explicitFileType = wrapper.framework; includeInIndex = 0; path = Pods_bamboo_iOS_bamboo_iOSTests.framework; sourceTree = BUILT_PRODUCTS_DIR; };
		7D6F150B42FC5487FAC2680F /* Pods-bamboo-iOS-bamboo-iOSTests.release.xcconfig */ = {isa = PBXFileReference; includeInIndex = 1; lastKnownFileType = text.xcconfig; name = "Pods-bamboo-iOS-bamboo-iOSTests.release.xcconfig"; path = "Target Support Files/Pods-bamboo-iOS-bamboo-iOSTests/Pods-bamboo-iOS-bamboo-iOSTests.release.xcconfig"; sourceTree = "<group>"; };
		C33F7F11005C1FA2558983EB /* Pods_bamboo_iOS.framework */ = {isa = PBXFileReference; explicitFileType = wrapper.framework; includeInIndex = 0; path = Pods_bamboo_iOS.framework; sourceTree = BUILT_PRODUCTS_DIR; };
		EDEFDC54AF795E6AFB6F26B4 /* Pods-bamboo-iOS-bamboo-iOSTests.debug.xcconfig */ = {isa = PBXFileReference; includeInIndex = 1; lastKnownFileType = text.xcconfig; name = "Pods-bamboo-iOS-bamboo-iOSTests.debug.xcconfig"; path = "Target Support Files/Pods-bamboo-iOS-bamboo-iOSTests/Pods-bamboo-iOS-bamboo-iOSTests.debug.xcconfig"; sourceTree = "<group>"; };
		EE09E9362772CDF50032F1AA /* noWifiReactor.swift */ = {isa = PBXFileReference; lastKnownFileType = sourcecode.swift; path = noWifiReactor.swift; sourceTree = "<group>"; };
		EE09E9382772ED8F0032F1AA /* ActivityIndicator.swift */ = {isa = PBXFileReference; lastKnownFileType = sourcecode.swift; path = ActivityIndicator.swift; sourceTree = "<group>"; };
		EE09E940277349710032F1AA /* ModelType.swift */ = {isa = PBXFileReference; lastKnownFileType = sourcecode.swift; path = ModelType.swift; sourceTree = "<group>"; };
		EE210FEC2725A1DE00320FFD /* EditContentModal.swift */ = {isa = PBXFileReference; lastKnownFileType = sourcecode.swift; path = EditContentModal.swift; sourceTree = "<group>"; };
		EE30E5732706B04A00B9AF8A /* AlertTextView.swift */ = {isa = PBXFileReference; lastKnownFileType = sourcecode.swift; path = AlertTextView.swift; sourceTree = "<group>"; };
		EE30E57C2706E8A900B9AF8A /* DropDownTableViewCell.swift */ = {isa = PBXFileReference; lastKnownFileType = sourcecode.swift; path = DropDownTableViewCell.swift; sourceTree = "<group>"; };
		EE3BA5782702EFBE00281096 /* BaseTableViewCell.swift */ = {isa = PBXFileReference; lastKnownFileType = sourcecode.swift; path = BaseTableViewCell.swift; sourceTree = "<group>"; };
		EE3BA57B2702F0B200281096 /* BulletinBoardsTableViewCell.swift */ = {isa = PBXFileReference; lastKnownFileType = sourcecode.swift; path = BulletinBoardsTableViewCell.swift; sourceTree = "<group>"; };
		EE3BA57D2702F2A100281096 /* UserData.swift */ = {isa = PBXFileReference; lastKnownFileType = sourcecode.swift; name = UserData.swift; path = "bamboo-iOS/Sources/Common/Models/UserData/UserData.swift"; sourceTree = SOURCE_ROOT; };
		EE3BA58227032ACC00281096 /* WritingBulletinBoardModal.swift */ = {isa = PBXFileReference; lastKnownFileType = sourcecode.swift; path = WritingBulletinBoardModal.swift; sourceTree = "<group>"; };
		EE3BA5852703D47400281096 /* noWifiViewController.swift */ = {isa = PBXFileReference; lastKnownFileType = sourcecode.swift; path = noWifiViewController.swift; sourceTree = "<group>"; };
		EE3BA5872703EDED00281096 /* Network.framework */ = {isa = PBXFileReference; lastKnownFileType = wrapper.framework; name = Network.framework; path = System/Library/Frameworks/Network.framework; sourceTree = SDKROOT; };
		EE489A982771B60200513E94 /* OSLogExt.swift */ = {isa = PBXFileReference; lastKnownFileType = sourcecode.swift; path = OSLogExt.swift; sourceTree = "<group>"; };
		EE55923B270DEC4E00223D22 /* ManagerData.swift */ = {isa = PBXFileReference; lastKnownFileType = sourcecode.swift; path = ManagerData.swift; sourceTree = "<group>"; };
		EE680E53271EB93C006D0F03 /* LikeOrDisLikeView.swift */ = {isa = PBXFileReference; lastKnownFileType = sourcecode.swift; path = LikeOrDisLikeView.swift; sourceTree = "<group>"; };
		EE7C6F7A26EEEC960071031C /* MainViewController.swift */ = {isa = PBXFileReference; lastKnownFileType = sourcecode.swift; path = MainViewController.swift; sourceTree = "<group>"; };
		EE7CA2CF271D3B45003140CD /* AcceptViewController.swift */ = {isa = PBXFileReference; lastKnownFileType = sourcecode.swift; path = AcceptViewController.swift; sourceTree = "<group>"; };
		EE7CA2D4271D6D1E003140CD /* StandByViewController.swift */ = {isa = PBXFileReference; lastKnownFileType = sourcecode.swift; path = StandByViewController.swift; sourceTree = "<group>"; };
		EE7CA2D6271D6D64003140CD /* RefusalViewController.swift */ = {isa = PBXFileReference; lastKnownFileType = sourcecode.swift; path = RefusalViewController.swift; sourceTree = "<group>"; };
		EE7CA2D8271D6EAD003140CD /* DeleteViewController.swift */ = {isa = PBXFileReference; lastKnownFileType = sourcecode.swift; path = DeleteViewController.swift; sourceTree = "<group>"; };
		EE7CA2E5271D9234003140CD /* StandByTableViewCell.swift */ = {isa = PBXFileReference; lastKnownFileType = sourcecode.swift; path = StandByTableViewCell.swift; sourceTree = "<group>"; };
		EE7CA2E7271D92AB003140CD /* RefusalTableViewCell.swift */ = {isa = PBXFileReference; lastKnownFileType = sourcecode.swift; path = RefusalTableViewCell.swift; sourceTree = "<group>"; };
		EE7CA2E9271D92BB003140CD /* DeleteTableViewCell.swift */ = {isa = PBXFileReference; lastKnownFileType = sourcecode.swift; path = DeleteTableViewCell.swift; sourceTree = "<group>"; };
		EE8064282727034E0040B295 /* RefusalModal.swift */ = {isa = PBXFileReference; lastKnownFileType = sourcecode.swift; path = RefusalModal.swift; sourceTree = "<group>"; };
		EE80A8012730C8A700FF204C /* ManagerLoginModal.swift */ = {isa = PBXFileReference; lastKnownFileType = sourcecode.swift; path = ManagerLoginModal.swift; sourceTree = "<group>"; };
		EE8141F727018AAA00ECFDCC /* DetailText.swift */ = {isa = PBXFileReference; lastKnownFileType = sourcecode.swift; path = DetailText.swift; sourceTree = "<group>"; };
		EE8141F927018E0C00ECFDCC /* ExplanationLabel.swift */ = {isa = PBXFileReference; lastKnownFileType = sourcecode.swift; path = ExplanationLabel.swift; sourceTree = "<group>"; };
		EE8141FD2701CEA000ECFDCC /* RuleText.swift */ = {isa = PBXFileReference; lastKnownFileType = sourcecode.swift; path = RuleText.swift; sourceTree = "<group>"; };
		EE8343F72742A98000991D32 /* GoogleLogin.swift */ = {isa = PBXFileReference; lastKnownFileType = sourcecode.swift; path = GoogleLogin.swift; sourceTree = "<group>"; };
		EE89810626E5FD400086D2D6 /* bamboo-iOS.app */ = {isa = PBXFileReference; explicitFileType = wrapper.application; includeInIndex = 0; path = "bamboo-iOS.app"; sourceTree = BUILT_PRODUCTS_DIR; };
		EE89810926E5FD400086D2D6 /* AppDelegate.swift */ = {isa = PBXFileReference; lastKnownFileType = sourcecode.swift; path = AppDelegate.swift; sourceTree = "<group>"; };
		EE89810B26E5FD400086D2D6 /* SceneDelegate.swift */ = {isa = PBXFileReference; lastKnownFileType = sourcecode.swift; path = SceneDelegate.swift; sourceTree = "<group>"; };
		EE89811226E5FD410086D2D6 /* Assets.xcassets */ = {isa = PBXFileReference; lastKnownFileType = folder.assetcatalog; path = Assets.xcassets; sourceTree = "<group>"; };
		EE89811526E5FD410086D2D6 /* Base */ = {isa = PBXFileReference; lastKnownFileType = file.storyboard; name = Base; path = Base.lproj/LaunchScreen.storyboard; sourceTree = "<group>"; };
		EE89811726E5FD410086D2D6 /* Info.plist */ = {isa = PBXFileReference; lastKnownFileType = text.plist.xml; name = Info.plist; path = "bamboo-iOS/Supporting/Info.plist"; sourceTree = SOURCE_ROOT; };
		EE8BD66D2741581D003D419F /* CustomGoogleOauthBtn.swift */ = {isa = PBXFileReference; lastKnownFileType = sourcecode.swift; path = CustomGoogleOauthBtn.swift; sourceTree = "<group>"; };
		EE8E5CA12759D74C0042CB70 /* DeviceExt.swift */ = {isa = PBXFileReference; lastKnownFileType = sourcecode.swift; path = DeviceExt.swift; sourceTree = "<group>"; };
		EE8E5CA32759EB250042CB70 /* LoginFlow.swift */ = {isa = PBXFileReference; lastKnownFileType = sourcecode.swift; path = LoginFlow.swift; sourceTree = "<group>"; };
		EE953A39270678CC00D4E133 /* LoadingIndicator.swift */ = {isa = PBXFileReference; lastKnownFileType = sourcecode.swift; path = LoadingIndicator.swift; sourceTree = "<group>"; };
		EE9582CF2729AD1600AAEC8A /* ReportModal.swift */ = {isa = PBXFileReference; lastKnownFileType = sourcecode.swift; path = ReportModal.swift; sourceTree = "<group>"; };
		EE963D33273401A6005070B5 /* GoogleOauthModalVC.swift */ = {isa = PBXFileReference; lastKnownFileType = sourcecode.swift; path = GoogleOauthModalVC.swift; sourceTree = "<group>"; };
		EE97ACE8275DB3A000A05857 /* MainFlow.swift */ = {isa = PBXFileReference; lastKnownFileType = sourcecode.swift; path = MainFlow.swift; sourceTree = "<group>"; };
		EE97ACEA275DB43400A05857 /* HomeFlow.swift */ = {isa = PBXFileReference; lastKnownFileType = sourcecode.swift; path = HomeFlow.swift; sourceTree = "<group>"; };
		EE97ACEC275DB5F100A05857 /* RuleFlow.swift */ = {isa = PBXFileReference; lastKnownFileType = sourcecode.swift; path = RuleFlow.swift; sourceTree = "<group>"; };
		EE97ACEE275DB68400A05857 /* DetailFlow.swift */ = {isa = PBXFileReference; lastKnownFileType = sourcecode.swift; path = DetailFlow.swift; sourceTree = "<group>"; };
		EE97ACF0275DEAF500A05857 /* MainReactor.swift */ = {isa = PBXFileReference; lastKnownFileType = sourcecode.swift; path = MainReactor.swift; sourceTree = "<group>"; };
		EE97ACF4275DFBF700A05857 /* ManagerMainFlow.swift */ = {isa = PBXFileReference; lastKnownFileType = sourcecode.swift; path = ManagerMainFlow.swift; sourceTree = "<group>"; };
		EE97ACF6275DFCB600A05857 /* AcceptFlow.swift */ = {isa = PBXFileReference; lastKnownFileType = sourcecode.swift; path = AcceptFlow.swift; sourceTree = "<group>"; };
		EE97ACF9275E095500A05857 /* RuleReactor.swift */ = {isa = PBXFileReference; lastKnownFileType = sourcecode.swift; path = RuleReactor.swift; sourceTree = "<group>"; };
		EE97ACFB275E097900A05857 /* DetailReactor.swift */ = {isa = PBXFileReference; lastKnownFileType = sourcecode.swift; path = DetailReactor.swift; sourceTree = "<group>"; };
		EE97ACFD275E0F6C00A05857 /* AcceptReactor.swift */ = {isa = PBXFileReference; lastKnownFileType = sourcecode.swift; path = AcceptReactor.swift; sourceTree = "<group>"; };
		EE97B7382719E75500479A06 /* CustomDropDownBtn.swift */ = {isa = PBXFileReference; lastKnownFileType = sourcecode.swift; path = CustomDropDownBtn.swift; sourceTree = "<group>"; };
		EE98CE49277055F100AE407B /* Cell+ReusableID.swift */ = {isa = PBXFileReference; lastKnownFileType = sourcecode.swift; path = "Cell+ReusableID.swift"; sourceTree = "<group>"; };
		EE98CE4B277056DA00AE407B /* EditContentModalReactor.swift */ = {isa = PBXFileReference; lastKnownFileType = sourcecode.swift; path = EditContentModalReactor.swift; sourceTree = "<group>"; };
		EE9F0D1826E78F130015E81B /* NanumSquareRoundB.ttf */ = {isa = PBXFileReference; lastKnownFileType = file; path = NanumSquareRoundB.ttf; sourceTree = "<group>"; };
		EE9F0D1926E78F130015E81B /* NanumSquareRoundL.ttf */ = {isa = PBXFileReference; lastKnownFileType = file; path = NanumSquareRoundL.ttf; sourceTree = "<group>"; };
		EE9F0D1A26E78F130015E81B /* NanumSquareRoundR.ttf */ = {isa = PBXFileReference; lastKnownFileType = file; path = NanumSquareRoundR.ttf; sourceTree = "<group>"; };
		EE9F0D1B26E78F130015E81B /* NanumSquareRoundEB.ttf */ = {isa = PBXFileReference; lastKnownFileType = file; path = NanumSquareRoundEB.ttf; sourceTree = "<group>"; };
		EE9F0D5426E8B7F00015E81B /* LoginViewController.swift */ = {isa = PBXFileReference; lastKnownFileType = sourcecode.swift; path = LoginViewController.swift; sourceTree = "<group>"; };
		EE9F0D5726E8B82C0015E81B /* CALayerExt.swift */ = {isa = PBXFileReference; lastKnownFileType = sourcecode.swift; path = CALayerExt.swift; sourceTree = "<group>"; };
		EE9F0D5B26E8CFD40015E81B /* LoginButton.swift */ = {isa = PBXFileReference; lastKnownFileType = sourcecode.swift; path = LoginButton.swift; sourceTree = "<group>"; };
		EEA5AF322705BABE000FF48A /* NetWorkStatus.swift */ = {isa = PBXFileReference; lastKnownFileType = sourcecode.swift; path = NetWorkStatus.swift; sourceTree = "<group>"; };
		EEA5FDD226ECF202004856F3 /* AlertTextField.swift */ = {isa = PBXFileReference; lastKnownFileType = sourcecode.swift; path = AlertTextField.swift; sourceTree = "<group>"; };
		EEAA062F270D8102000EA78D /* AcceptManagerTableViewCell.swift */ = {isa = PBXFileReference; lastKnownFileType = sourcecode.swift; path = AcceptManagerTableViewCell.swift; sourceTree = "<group>"; };
		EEB198F7275F7D0A000375AB /* WritingBulletinBoardReactor.swift */ = {isa = PBXFileReference; lastKnownFileType = sourcecode.swift; path = WritingBulletinBoardReactor.swift; sourceTree = "<group>"; };
		EEB198F9275FA650000375AB /* StandByFlow.swift */ = {isa = PBXFileReference; lastKnownFileType = sourcecode.swift; path = StandByFlow.swift; sourceTree = "<group>"; };
		EEB3E482276F269A009BC98D /* RefusalModalReactor.swift */ = {isa = PBXFileReference; lastKnownFileType = sourcecode.swift; path = RefusalModalReactor.swift; sourceTree = "<group>"; };
		EEBDA34026FB5C0300B966E3 /* DetailViewController.swift */ = {isa = PBXFileReference; lastKnownFileType = sourcecode.swift; path = DetailViewController.swift; sourceTree = "<group>"; };
		EEBDA34326FB5C7500B966E3 /* RuleViewController.swift */ = {isa = PBXFileReference; lastKnownFileType = sourcecode.swift; path = RuleViewController.swift; sourceTree = "<group>"; };
		EEBDA34526FC0FBE00B966E3 /* OSLog.framework */ = {isa = PBXFileReference; lastKnownFileType = wrapper.framework; name = OSLog.framework; path = System/Library/Frameworks/OSLog.framework; sourceTree = SDKROOT; };
		EEC430182758A57B008F802F /* LoginReactor.swift */ = {isa = PBXFileReference; lastKnownFileType = sourcecode.swift; path = LoginReactor.swift; sourceTree = "<group>"; };
		EEC4301A2758A812008F802F /* AppFlow.swift */ = {isa = PBXFileReference; lastKnownFileType = sourcecode.swift; path = AppFlow.swift; sourceTree = "<group>"; };
		EEC4301E2758A952008F802F /* ManagerLoginAPI.swift */ = {isa = PBXFileReference; lastKnownFileType = sourcecode.swift; name = ManagerLoginAPI.swift; path = "bamboo-iOS/Sources/Network/ManagerLoginAPI.swift"; sourceTree = SOURCE_ROOT; };
		EEC4302227591141008F802F /* BambooStep.swift */ = {isa = PBXFileReference; lastKnownFileType = sourcecode.swift; path = BambooStep.swift; sourceTree = "<group>"; };
		EEC4302A27591488008F802F /* StepExt.swift */ = {isa = PBXFileReference; lastKnownFileType = sourcecode.swift; path = StepExt.swift; sourceTree = "<group>"; };
		EECCC125275D04000068A4BD /* ViewExt.swift */ = {isa = PBXFileReference; lastKnownFileType = sourcecode.swift; path = ViewExt.swift; sourceTree = "<group>"; };
		EECCC127275D041C0068A4BD /* ColorExt.swift */ = {isa = PBXFileReference; lastKnownFileType = sourcecode.swift; path = ColorExt.swift; sourceTree = "<group>"; };
		EECCC129275D045B0068A4BD /* NavigationExt.swift */ = {isa = PBXFileReference; lastKnownFileType = sourcecode.swift; path = NavigationExt.swift; sourceTree = "<group>"; };
		EECCC12B275D04790068A4BD /* LabelExt.swift */ = {isa = PBXFileReference; lastKnownFileType = sourcecode.swift; path = LabelExt.swift; sourceTree = "<group>"; };
		EECCC12D275D04A10068A4BD /* NSMutableAttributedStringExt.swift */ = {isa = PBXFileReference; lastKnownFileType = sourcecode.swift; path = NSMutableAttributedStringExt.swift; sourceTree = "<group>"; };
		EECDE317276A0D4C0075711C /* ServiceProvider.swift */ = {isa = PBXFileReference; lastKnownFileType = sourcecode.swift; path = ServiceProvider.swift; sourceTree = "<group>"; };
		EECDE319276A0D830075711C /* UserLoginService.swift */ = {isa = PBXFileReference; lastKnownFileType = sourcecode.swift; path = UserLoginService.swift; sourceTree = "<group>"; };
		EECDE31B276A0E140075711C /* BaseService.swift */ = {isa = PBXFileReference; lastKnownFileType = sourcecode.swift; path = BaseService.swift; sourceTree = "<group>"; };
		EED1FD332761D35A004AD43E /* APIEnvironment.swift */ = {isa = PBXFileReference; lastKnownFileType = sourcecode.swift; path = APIEnvironment.swift; sourceTree = "<group>"; };
		EED1FD352761D6D5004AD43E /* Networkable.swift */ = {isa = PBXFileReference; lastKnownFileType = sourcecode.swift; path = Networkable.swift; sourceTree = "<group>"; };
		EED1FD372761E5D5004AD43E /* RefusalFlow.swift */ = {isa = PBXFileReference; lastKnownFileType = sourcecode.swift; path = RefusalFlow.swift; sourceTree = "<group>"; };
		EED2654F2761733E00A1994A /* bamboo-iOSTests.xctest */ = {isa = PBXFileReference; explicitFileType = wrapper.cfbundle; includeInIndex = 0; path = "bamboo-iOSTests.xctest"; sourceTree = BUILT_PRODUCTS_DIR; };
		EED265512761733E00A1994A /* bamboo_iOSTests.swift */ = {isa = PBXFileReference; lastKnownFileType = sourcecode.swift; path = bamboo_iOSTests.swift; sourceTree = "<group>"; };
		EED42DC42763BAA100898537 /* DeleteFlow.swift */ = {isa = PBXFileReference; lastKnownFileType = sourcecode.swift; path = DeleteFlow.swift; sourceTree = "<group>"; };
		EED42DC62763BD4900898537 /* StandByReactor.swift */ = {isa = PBXFileReference; lastKnownFileType = sourcecode.swift; path = StandByReactor.swift; sourceTree = "<group>"; };
		EED42DC82763BD6300898537 /* RefusalReactor.swift */ = {isa = PBXFileReference; lastKnownFileType = sourcecode.swift; path = RefusalReactor.swift; sourceTree = "<group>"; };
		EED42DCA2763BD8500898537 /* DeleteReactor.swift */ = {isa = PBXFileReference; lastKnownFileType = sourcecode.swift; path = DeleteReactor.swift; sourceTree = "<group>"; };
		EEDEF94B276AE54C00585C26 /* ReportReactor.swift */ = {isa = PBXFileReference; lastKnownFileType = sourcecode.swift; path = ReportReactor.swift; sourceTree = "<group>"; };
		EEDEF94F276B3E8600585C26 /* client_469455837990-lkd2grmq4c947eierj7m6rh83259m2ro.apps.googleusercontent.com.plist */ = {isa = PBXFileReference; fileEncoding = 4; lastKnownFileType = text.plist.xml; path = "client_469455837990-lkd2grmq4c947eierj7m6rh83259m2ro.apps.googleusercontent.com.plist"; sourceTree = "<group>"; };
		EEE81499275A7BF80008B06A /* GoogleOauthModalReactor.swift */ = {isa = PBXFileReference; lastKnownFileType = sourcecode.swift; path = GoogleOauthModalReactor.swift; sourceTree = "<group>"; };
		EEE8149B275BB5E10008B06A /* ManagerLoginModalReactor.swift */ = {isa = PBXFileReference; lastKnownFileType = sourcecode.swift; path = ManagerLoginModalReactor.swift; sourceTree = "<group>"; };
		EEF42F16270BDAD00088043F /* BaseVC.swift */ = {isa = PBXFileReference; lastKnownFileType = sourcecode.swift; path = BaseVC.swift; sourceTree = "<group>"; };
/* End PBXFileReference section */

/* Begin PBXFrameworksBuildPhase section */
		EE89810326E5FD400086D2D6 /* Frameworks */ = {
			isa = PBXFrameworksBuildPhase;
			buildActionMask = 2147483647;
			files = (
				0DE5110F3AF51649AF7D0E45 /* Pods_bamboo_iOS.framework in Frameworks */,
				EEBDA34626FC0FBE00B966E3 /* OSLog.framework in Frameworks */,
				EE3BA5882703EDED00281096 /* Network.framework in Frameworks */,
			);
			runOnlyForDeploymentPostprocessing = 0;
		};
		EED2654C2761733E00A1994A /* Frameworks */ = {
			isa = PBXFrameworksBuildPhase;
			buildActionMask = 2147483647;
			files = (
				FECA09B151A83DCCFC5F6C47 /* Pods_bamboo_iOS_bamboo_iOSTests.framework in Frameworks */,
			);
			runOnlyForDeploymentPostprocessing = 0;
		};
/* End PBXFrameworksBuildPhase section */

/* Begin PBXGroup section */
		603A43172F64662304C1A921 /* Pods */ = {
			isa = PBXGroup;
			children = (
				450B525D3040C9D8D909B9E5 /* Pods-bamboo-iOS.debug.xcconfig */,
				1EF78B3550F3909AFDB7E7A0 /* Pods-bamboo-iOS.release.xcconfig */,
				EDEFDC54AF795E6AFB6F26B4 /* Pods-bamboo-iOS-bamboo-iOSTests.debug.xcconfig */,
				7D6F150B42FC5487FAC2680F /* Pods-bamboo-iOS-bamboo-iOSTests.release.xcconfig */,
			);
			path = Pods;
			sourceTree = "<group>";
		};
		BBDDB91F2933C652DB1543A4 /* Frameworks */ = {
			isa = PBXGroup;
			children = (
				EE3BA5872703EDED00281096 /* Network.framework */,
				EEBDA34526FC0FBE00B966E3 /* OSLog.framework */,
				C33F7F11005C1FA2558983EB /* Pods_bamboo_iOS.framework */,
				69A3B7F80B59DB3A3E25D62A /* Pods_bamboo_iOS_bamboo_iOSTests.framework */,
			);
			name = Frameworks;
			sourceTree = "<group>";
		};
		EE1D8AE72717F085003614BE /* Flow */ = {
			isa = PBXGroup;
			children = (
				EE1D8AEE27180DA3003614BE /* Step */,
				EE1D8AEF27180DA9003614BE /* Flows */,
			);
			path = Flow;
			sourceTree = "<group>";
		};
		EE1D8AE827180A21003614BE /* Service */ = {
			isa = PBXGroup;
			children = (
				EECDE31B276A0E140075711C /* BaseService.swift */,
				EECDE317276A0D4C0075711C /* ServiceProvider.swift */,
				EECDE319276A0D830075711C /* UserLoginService.swift */,
			);
			path = Service;
			sourceTree = "<group>";
		};
		EE1D8AE927180BC5003614BE /* Scene */ = {
			isa = PBXGroup;
			children = (
				EE3BA5842703D45400281096 /* NoWifi */,
				EE7C6F7526EEEC410071031C /* Login */,
				EE1D8AEB27180D1F003614BE /* Main */,
				EE3BA58027032A3D00281096 /* Modal */,
			);
			path = Scene;
			sourceTree = "<group>";
		};
		EE1D8AEA27180C06003614BE /* Base */ = {
			isa = PBXGroup;
			children = (
				EEF42F15270BDAB30088043F /* BaseVC */,
				EE3BA5772702EFB000281096 /* BaseTableViewCell */,
			);
			path = Base;
			sourceTree = "<group>";
		};
		EE1D8AEB27180D1F003614BE /* Main */ = {
			isa = PBXGroup;
			children = (
				EE1D8AED27180D4E003614BE /* User */,
				EEF42F10270BD90F0088043F /* Manager */,
			);
			path = Main;
			sourceTree = "<group>";
		};
		EE1D8AED27180D4E003614BE /* User */ = {
			isa = PBXGroup;
			children = (
				EE7C6F7926EEEC880071031C /* Home */,
				EEBDA33F26FB5BF200B966E3 /* Rule */,
				EEBDA34226FB5C3F00B966E3 /* Detail */,
			);
			path = User;
			sourceTree = "<group>";
		};
		EE1D8AEE27180DA3003614BE /* Step */ = {
			isa = PBXGroup;
			children = (
				EEC4302227591141008F802F /* BambooStep.swift */,
			);
			path = Step;
			sourceTree = "<group>";
		};
		EE1D8AEF27180DA9003614BE /* Flows */ = {
			isa = PBXGroup;
			children = (
				EEC4301A2758A812008F802F /* AppFlow.swift */,
				EECCC12F275D07C30068A4BD /* LoginFlow */,
				EECCC130275D0A3F0068A4BD /* MainFlow */,
			);
			path = Flows;
			sourceTree = "<group>";
		};
		EE210FEB2725A13800320FFD /* EditContentModal */ = {
			isa = PBXGroup;
			children = (
				EE210FEC2725A1DE00320FFD /* EditContentModal.swift */,
				EE98CE4B277056DA00AE407B /* EditContentModalReactor.swift */,
			);
			path = EditContentModal;
			sourceTree = "<group>";
		};
		EE30E5722706B02600B9AF8A /* CustomTextView */ = {
			isa = PBXGroup;
			children = (
				EE30E5732706B04A00B9AF8A /* AlertTextView.swift */,
			);
			path = CustomTextView;
			sourceTree = "<group>";
		};
		EE30E5782706E5E600B9AF8A /* MainPageTableView */ = {
			isa = PBXGroup;
			children = (
				EE3BA57B2702F0B200281096 /* BulletinBoardsTableViewCell.swift */,
			);
			path = MainPageTableView;
			sourceTree = "<group>";
		};
		EE30E5792706E7D000B9AF8A /* DropDownTableView */ = {
			isa = PBXGroup;
			children = (
				EE30E57C2706E8A900B9AF8A /* DropDownTableViewCell.swift */,
			);
			path = DropDownTableView;
			sourceTree = "<group>";
		};
		EE3BA5772702EFB000281096 /* BaseTableViewCell */ = {
			isa = PBXGroup;
			children = (
				EE3BA5782702EFBE00281096 /* BaseTableViewCell.swift */,
			);
			path = BaseTableViewCell;
			sourceTree = "<group>";
		};
		EE3BA57F270301F200281096 /* Models */ = {
			isa = PBXGroup;
			children = (
				EE09E940277349710032F1AA /* ModelType.swift */,
				EE55923A270DEC1200223D22 /* UserData */,
				EE559239270DEC0600223D22 /* ManagerData */,
			);
			path = Models;
			sourceTree = "<group>";
		};
		EE3BA58027032A3D00281096 /* Modal */ = {
			isa = PBXGroup;
			children = (
				EE963D2E2734002E005070B5 /* GoogleOauthModal */,
				EE80A7FE2730C83F00FF204C /* ManagerLoginModal */,
				EE9582C92729AC2800AAEC8A /* ReportModal */,
				EE806425272701170040B295 /* RefusalModal */,
				EE210FEB2725A13800320FFD /* EditContentModal */,
				EE3BA58127032A5500281096 /* BulletinBoardWriteModal */,
			);
			path = Modal;
			sourceTree = "<group>";
		};
		EE3BA58127032A5500281096 /* BulletinBoardWriteModal */ = {
			isa = PBXGroup;
			children = (
				EE3BA58227032ACC00281096 /* WritingBulletinBoardModal.swift */,
				EEB198F7275F7D0A000375AB /* WritingBulletinBoardReactor.swift */,
			);
			path = BulletinBoardWriteModal;
			sourceTree = "<group>";
		};
		EE3BA5842703D45400281096 /* NoWifi */ = {
			isa = PBXGroup;
			children = (
				EEA5AF302705BA8E000FF48A /* NoWifiViewController */,
				EEA5AF312705BA9B000FF48A /* WifiSystem */,
			);
			path = NoWifi;
			sourceTree = "<group>";
		};
		EE559239270DEC0600223D22 /* ManagerData */ = {
			isa = PBXGroup;
			children = (
				EE55923B270DEC4E00223D22 /* ManagerData.swift */,
			);
			path = ManagerData;
			sourceTree = "<group>";
		};
		EE55923A270DEC1200223D22 /* UserData */ = {
			isa = PBXGroup;
			children = (
				EE3BA57D2702F2A100281096 /* UserData.swift */,
			);
			path = UserData;
			sourceTree = "<group>";
		};
		EE680E52271EB921006D0F03 /* Custom PostLikeOrDisLike */ = {
			isa = PBXGroup;
			children = (
				EE680E53271EB93C006D0F03 /* LikeOrDisLikeView.swift */,
			);
			path = "Custom PostLikeOrDisLike";
			sourceTree = "<group>";
		};
		EE7C6F7526EEEC410071031C /* Login */ = {
			isa = PBXGroup;
			children = (
				EE9F0D5426E8B7F00015E81B /* LoginViewController.swift */,
				EEC430182758A57B008F802F /* LoginReactor.swift */,
			);
			path = Login;
			sourceTree = "<group>";
		};
		EE7C6F7626EEEC4E0071031C /* CustomButton */ = {
			isa = PBXGroup;
			children = (
				EE8BD66C274157FE003D419F /* CustomGoogleOauthBtn */,
				EE680E52271EB921006D0F03 /* Custom PostLikeOrDisLike */,
				EE97B73A271B08B800479A06 /* LoginButton */,
				EE97B7362719E70C00479A06 /* DropDownBtn + DropDownTable */,
			);
			path = CustomButton;
			sourceTree = "<group>";
		};
		EE7C6F7726EEEC680071031C /* CustomTextfield */ = {
			isa = PBXGroup;
			children = (
				EEA5FDD226ECF202004856F3 /* AlertTextField.swift */,
			);
			path = CustomTextfield;
			sourceTree = "<group>";
		};
		EE7C6F7926EEEC880071031C /* Home */ = {
			isa = PBXGroup;
			children = (
				EE7C6F7A26EEEC960071031C /* MainViewController.swift */,
				EE97ACF0275DEAF500A05857 /* MainReactor.swift */,
			);
			path = Home;
			sourceTree = "<group>";
		};
		EE7CA2CE271D3A70003140CD /* Accept */ = {
			isa = PBXGroup;
			children = (
				EE7CA2CF271D3B45003140CD /* AcceptViewController.swift */,
				EE97ACFD275E0F6C00A05857 /* AcceptReactor.swift */,
			);
			path = Accept;
			sourceTree = "<group>";
		};
		EE7CA2D1271D6CAF003140CD /* StandBy */ = {
			isa = PBXGroup;
			children = (
				EE7CA2D4271D6D1E003140CD /* StandByViewController.swift */,
				EED42DC62763BD4900898537 /* StandByReactor.swift */,
			);
			path = StandBy;
			sourceTree = "<group>";
		};
		EE7CA2D2271D6CCB003140CD /* Refusal */ = {
			isa = PBXGroup;
			children = (
				EE7CA2D6271D6D64003140CD /* RefusalViewController.swift */,
				EED42DC82763BD6300898537 /* RefusalReactor.swift */,
			);
			path = Refusal;
			sourceTree = "<group>";
		};
		EE7CA2D3271D6CEE003140CD /* Delete */ = {
			isa = PBXGroup;
			children = (
				EE7CA2D8271D6EAD003140CD /* DeleteViewController.swift */,
				EED42DCA2763BD8500898537 /* DeleteReactor.swift */,
			);
			path = Delete;
			sourceTree = "<group>";
		};
		EE7CA2E1271D91E2003140CD /* StandBy */ = {
			isa = PBXGroup;
			children = (
				EE7CA2E5271D9234003140CD /* StandByTableViewCell.swift */,
			);
			path = StandBy;
			sourceTree = "<group>";
		};
		EE7CA2E3271D9201003140CD /* Refusal */ = {
			isa = PBXGroup;
			children = (
				EE7CA2E7271D92AB003140CD /* RefusalTableViewCell.swift */,
			);
			path = Refusal;
			sourceTree = "<group>";
		};
		EE7CA2E4271D920A003140CD /* Delete */ = {
			isa = PBXGroup;
			children = (
				EE7CA2E9271D92BB003140CD /* DeleteTableViewCell.swift */,
			);
			path = Delete;
			sourceTree = "<group>";
		};
		EE80467326F45E78007D3206 /* Extensions */ = {
			isa = PBXGroup;
			children = (
				EEC4302927591472008F802F /* Rx */,
				EEC4302827591464008F802F /* UIKit */,
			);
			path = Extensions;
			sourceTree = "<group>";
		};
		EE80467426F463E8007D3206 /* TableViewCell */ = {
			isa = PBXGroup;
			children = (
				EE7CA2E4271D920A003140CD /* Delete */,
				EE7CA2E3271D9201003140CD /* Refusal */,
				EE7CA2E1271D91E2003140CD /* StandBy */,
				EEAA0631270D8462000EA78D /* Accept */,
				EE30E5792706E7D000B9AF8A /* DropDownTableView */,
				EE30E5782706E5E600B9AF8A /* MainPageTableView */,
			);
			path = TableViewCell;
			sourceTree = "<group>";
		};
		EE806425272701170040B295 /* RefusalModal */ = {
			isa = PBXGroup;
			children = (
				EE8064282727034E0040B295 /* RefusalModal.swift */,
				EEB3E482276F269A009BC98D /* RefusalModalReactor.swift */,
			);
			path = RefusalModal;
			sourceTree = "<group>";
		};
		EE80A7FE2730C83F00FF204C /* ManagerLoginModal */ = {
			isa = PBXGroup;
			children = (
				EE80A8012730C8A700FF204C /* ManagerLoginModal.swift */,
				EEE8149B275BB5E10008B06A /* ManagerLoginModalReactor.swift */,
			);
			path = ManagerLoginModal;
			sourceTree = "<group>";
		};
		EE8141F627018A1900ECFDCC /* RuleText */ = {
			isa = PBXGroup;
			children = (
				EE8141FD2701CEA000ECFDCC /* RuleText.swift */,
			);
			path = RuleText;
			sourceTree = "<group>";
		};
		EE8141FC2701CE8B00ECFDCC /* DetailText */ = {
			isa = PBXGroup;
			children = (
				EE8141F727018AAA00ECFDCC /* DetailText.swift */,
			);
			path = DetailText;
			sourceTree = "<group>";
		};
		EE8343F62742A97100991D32 /* GoogleLoginSystem */ = {
			isa = PBXGroup;
			children = (
				EE8343F72742A98000991D32 /* GoogleLogin.swift */,
			);
			path = GoogleLoginSystem;
			sourceTree = "<group>";
		};
		EE8980FD26E5FD400086D2D6 = {
			isa = PBXGroup;
			children = (
				EE89810826E5FD400086D2D6 /* bamboo-iOS */,
				EED265502761733E00A1994A /* bamboo-iOSTests */,
				EE89810726E5FD400086D2D6 /* Products */,
				603A43172F64662304C1A921 /* Pods */,
				BBDDB91F2933C652DB1543A4 /* Frameworks */,
			);
			sourceTree = "<group>";
		};
		EE89810726E5FD400086D2D6 /* Products */ = {
			isa = PBXGroup;
			children = (
				EE89810626E5FD400086D2D6 /* bamboo-iOS.app */,
				EED2654F2761733E00A1994A /* bamboo-iOSTests.xctest */,
			);
			name = Products;
			sourceTree = "<group>";
		};
		EE89810826E5FD400086D2D6 /* bamboo-iOS */ = {
			isa = PBXGroup;
			children = (
				EE9F0CDC26E747560015E81B /* App */,
				EEA47AA5271726B600867C2F /* Sources */,
				EEA47AA6271726EF00867C2F /* Resources */,
				EEA47AA4271725EF00867C2F /* Supporting */,
				EE9F0CE226E748D40015E81B /* Font */,
			);
			path = "bamboo-iOS";
			sourceTree = "<group>";
		};
		EE8BD66C274157FE003D419F /* CustomGoogleOauthBtn */ = {
			isa = PBXGroup;
			children = (
				EE8BD66D2741581D003D419F /* CustomGoogleOauthBtn.swift */,
			);
			path = CustomGoogleOauthBtn;
			sourceTree = "<group>";
		};
		EE953A37270678A600D4E133 /* Loading */ = {
			isa = PBXGroup;
			children = (
				EE953A39270678CC00D4E133 /* LoadingIndicator.swift */,
			);
			path = Loading;
			sourceTree = "<group>";
		};
		EE9582C92729AC2800AAEC8A /* ReportModal */ = {
			isa = PBXGroup;
			children = (
				EE9582CF2729AD1600AAEC8A /* ReportModal.swift */,
				EEDEF94B276AE54C00585C26 /* ReportReactor.swift */,
			);
			path = ReportModal;
			sourceTree = "<group>";
		};
		EE963D2E2734002E005070B5 /* GoogleOauthModal */ = {
			isa = PBXGroup;
			children = (
				EE963D33273401A6005070B5 /* GoogleOauthModalVC.swift */,
				EEE81499275A7BF80008B06A /* GoogleOauthModalReactor.swift */,
				EE8343F62742A97100991D32 /* GoogleLoginSystem */,
			);
			path = GoogleOauthModal;
			sourceTree = "<group>";
		};
		EE97ACF2275DFBDB00A05857 /* User */ = {
			isa = PBXGroup;
			children = (
				EE97ACE8275DB3A000A05857 /* MainFlow.swift */,
				EE97ACEA275DB43400A05857 /* HomeFlow.swift */,
				EE97ACEC275DB5F100A05857 /* RuleFlow.swift */,
				EE97ACEE275DB68400A05857 /* DetailFlow.swift */,
			);
			path = User;
			sourceTree = "<group>";
		};
		EE97ACF3275DFBE600A05857 /* Manager */ = {
			isa = PBXGroup;
			children = (
				EE97ACF4275DFBF700A05857 /* ManagerMainFlow.swift */,
				EE97ACF6275DFCB600A05857 /* AcceptFlow.swift */,
				EEB198F9275FA650000375AB /* StandByFlow.swift */,
				EED1FD372761E5D5004AD43E /* RefusalFlow.swift */,
				EED42DC42763BAA100898537 /* DeleteFlow.swift */,
			);
			path = Manager;
			sourceTree = "<group>";
		};
		EE97B7362719E70C00479A06 /* DropDownBtn + DropDownTable */ = {
			isa = PBXGroup;
			children = (
				EE97B7382719E75500479A06 /* CustomDropDownBtn.swift */,
			);
			path = "DropDownBtn + DropDownTable";
			sourceTree = "<group>";
		};
		EE97B73A271B08B800479A06 /* LoginButton */ = {
			isa = PBXGroup;
			children = (
				EE9F0D5B26E8CFD40015E81B /* LoginButton.swift */,
			);
			path = LoginButton;
			sourceTree = "<group>";
		};
		EE9F0CDC26E747560015E81B /* App */ = {
			isa = PBXGroup;
			children = (
				EE89810926E5FD400086D2D6 /* AppDelegate.swift */,
				EE89810B26E5FD400086D2D6 /* SceneDelegate.swift */,
			);
			path = App;
			sourceTree = "<group>";
		};
		EE9F0CDE26E748650015E81B /* Views */ = {
			isa = PBXGroup;
			children = (
				EE80467426F463E8007D3206 /* TableViewCell */,
				EE953A37270678A600D4E133 /* Loading */,
				EEA3008326FD471100EA6374 /* CustomLabel */,
				EE30E5722706B02600B9AF8A /* CustomTextView */,
				EE7C6F7726EEEC680071031C /* CustomTextfield */,
				EE7C6F7626EEEC4E0071031C /* CustomButton */,
			);
			path = Views;
			sourceTree = "<group>";
		};
		EE9F0CE226E748D40015E81B /* Font */ = {
			isa = PBXGroup;
			children = (
				EE9F0D1826E78F130015E81B /* NanumSquareRoundB.ttf */,
				EE9F0D1B26E78F130015E81B /* NanumSquareRoundEB.ttf */,
				EE9F0D1926E78F130015E81B /* NanumSquareRoundL.ttf */,
				EE9F0D1A26E78F130015E81B /* NanumSquareRoundR.ttf */,
			);
			path = Font;
			sourceTree = "<group>";
		};
		EEA3008326FD471100EA6374 /* CustomLabel */ = {
			isa = PBXGroup;
			children = (
				EE8141F927018E0C00ECFDCC /* ExplanationLabel.swift */,
			);
			path = CustomLabel;
			sourceTree = "<group>";
		};
		EEA47AA4271725EF00867C2F /* Supporting */ = {
			isa = PBXGroup;
			children = (
				EEDEF94F276B3E8600585C26 /* client_469455837990-lkd2grmq4c947eierj7m6rh83259m2ro.apps.googleusercontent.com.plist */,
				EE89811726E5FD410086D2D6 /* Info.plist */,
			);
			path = Supporting;
			sourceTree = "<group>";
		};
		EEA47AA5271726B600867C2F /* Sources */ = {
			isa = PBXGroup;
			children = (
				EEC430272759142B008F802F /* Network */,
				EE1D8AE827180A21003614BE /* Service */,
				EEC43026275913C9008F802F /* Common */,
				EE1D8AE72717F085003614BE /* Flow */,
				EE1D8AE927180BC5003614BE /* Scene */,
				EE9F0CDE26E748650015E81B /* Views */,
				EE1D8AEA27180C06003614BE /* Base */,
			);
			path = Sources;
			sourceTree = "<group>";
		};
		EEA47AA6271726EF00867C2F /* Resources */ = {
			isa = PBXGroup;
			children = (
				EE89811426E5FD410086D2D6 /* LaunchScreen.storyboard */,
				EE89811226E5FD410086D2D6 /* Assets.xcassets */,
			);
			path = Resources;
			sourceTree = "<group>";
		};
		EEA5AF302705BA8E000FF48A /* NoWifiViewController */ = {
			isa = PBXGroup;
			children = (
				EE3BA5852703D47400281096 /* noWifiViewController.swift */,
				EE09E9362772CDF50032F1AA /* noWifiReactor.swift */,
			);
			path = NoWifiViewController;
			sourceTree = "<group>";
		};
		EEA5AF312705BA9B000FF48A /* WifiSystem */ = {
			isa = PBXGroup;
			children = (
				EEA5AF322705BABE000FF48A /* NetWorkStatus.swift */,
			);
			path = WifiSystem;
			sourceTree = "<group>";
		};
		EEAA0631270D8462000EA78D /* Accept */ = {
			isa = PBXGroup;
			children = (
				EEAA062F270D8102000EA78D /* AcceptManagerTableViewCell.swift */,
			);
			path = Accept;
			sourceTree = "<group>";
		};
		EEBDA33F26FB5BF200B966E3 /* Rule */ = {
			isa = PBXGroup;
			children = (
				EEBDA34326FB5C7500B966E3 /* RuleViewController.swift */,
				EE97ACF9275E095500A05857 /* RuleReactor.swift */,
				EE8141F627018A1900ECFDCC /* RuleText */,
			);
			path = Rule;
			sourceTree = "<group>";
		};
		EEBDA34226FB5C3F00B966E3 /* Detail */ = {
			isa = PBXGroup;
			children = (
				EEBDA34026FB5C0300B966E3 /* DetailViewController.swift */,
				EE97ACFB275E097900A05857 /* DetailReactor.swift */,
				EE8141FC2701CE8B00ECFDCC /* DetailText */,
			);
			path = Detail;
			sourceTree = "<group>";
		};
		EEC43026275913C9008F802F /* Common */ = {
			isa = PBXGroup;
			children = (
				EE09E9382772ED8F0032F1AA /* ActivityIndicator.swift */,
				EE3BA57F270301F200281096 /* Models */,
				EE80467326F45E78007D3206 /* Extensions */,
			);
			path = Common;
			sourceTree = "<group>";
		};
		EEC430272759142B008F802F /* Network */ = {
			isa = PBXGroup;
			children = (
				EED1FD332761D35A004AD43E /* APIEnvironment.swift */,
				EED1FD352761D6D5004AD43E /* Networkable.swift */,
				EEC4301E2758A952008F802F /* ManagerLoginAPI.swift */,
			);
			path = Network;
			sourceTree = "<group>";
		};
		EEC4302827591464008F802F /* UIKit */ = {
			isa = PBXGroup;
			children = (
				EE8E5CA12759D74C0042CB70 /* DeviceExt.swift */,
				EECCC125275D04000068A4BD /* ViewExt.swift */,
				EECCC127275D041C0068A4BD /* ColorExt.swift */,
				EECCC129275D045B0068A4BD /* NavigationExt.swift */,
				EECCC12B275D04790068A4BD /* LabelExt.swift */,
				EECCC12D275D04A10068A4BD /* NSMutableAttributedStringExt.swift */,
				EE9F0D5726E8B82C0015E81B /* CALayerExt.swift */,
				EE98CE49277055F100AE407B /* Cell+ReusableID.swift */,
				EE489A982771B60200513E94 /* OSLogExt.swift */,
			);
			path = UIKit;
			sourceTree = "<group>";
		};
		EEC4302927591472008F802F /* Rx */ = {
			isa = PBXGroup;
			children = (
				EEC4302A27591488008F802F /* StepExt.swift */,
			);
			path = Rx;
			sourceTree = "<group>";
		};
		EECCC12F275D07C30068A4BD /* LoginFlow */ = {
			isa = PBXGroup;
			children = (
				EE8E5CA32759EB250042CB70 /* LoginFlow.swift */,
			);
			path = LoginFlow;
			sourceTree = "<group>";
		};
		EECCC130275D0A3F0068A4BD /* MainFlow */ = {
			isa = PBXGroup;
			children = (
				EE97ACF3275DFBE600A05857 /* Manager */,
				EE97ACF2275DFBDB00A05857 /* User */,
			);
			path = MainFlow;
			sourceTree = "<group>";
		};
		EED265502761733E00A1994A /* bamboo-iOSTests */ = {
			isa = PBXGroup;
			children = (
				EED265512761733E00A1994A /* bamboo_iOSTests.swift */,
			);
			path = "bamboo-iOSTests";
			sourceTree = "<group>";
		};
		EEF42F10270BD90F0088043F /* Manager */ = {
			isa = PBXGroup;
			children = (
				EE7CA2D3271D6CEE003140CD /* Delete */,
				EE7CA2D2271D6CCB003140CD /* Refusal */,
				EE7CA2D1271D6CAF003140CD /* StandBy */,
				EE7CA2CE271D3A70003140CD /* Accept */,
			);
			path = Manager;
			sourceTree = "<group>";
		};
		EEF42F15270BDAB30088043F /* BaseVC */ = {
			isa = PBXGroup;
			children = (
				EEF42F16270BDAD00088043F /* BaseVC.swift */,
			);
			path = BaseVC;
			sourceTree = "<group>";
		};
/* End PBXGroup section */

/* Begin PBXNativeTarget section */
		EE89810526E5FD400086D2D6 /* bamboo-iOS */ = {
			isa = PBXNativeTarget;
			buildConfigurationList = EE89811A26E5FD410086D2D6 /* Build configuration list for PBXNativeTarget "bamboo-iOS" */;
			buildPhases = (
				C66135E8F3CB0BB5B417E75E /* [CP] Check Pods Manifest.lock */,
				EE89810226E5FD400086D2D6 /* Sources */,
				EE89810326E5FD400086D2D6 /* Frameworks */,
				EE89810426E5FD400086D2D6 /* Resources */,
				C80F420871B7E223ED064274 /* [CP] Embed Pods Frameworks */,
			);
			buildRules = (
			);
			dependencies = (
			);
			name = "bamboo-iOS";
			productName = "bamboo-iOS";
			productReference = EE89810626E5FD400086D2D6 /* bamboo-iOS.app */;
			productType = "com.apple.product-type.application";
		};
		EED2654E2761733E00A1994A /* bamboo-iOSTests */ = {
			isa = PBXNativeTarget;
			buildConfigurationList = EED265572761733E00A1994A /* Build configuration list for PBXNativeTarget "bamboo-iOSTests" */;
			buildPhases = (
				31A41662B5547BD848300201 /* [CP] Check Pods Manifest.lock */,
				EED2654B2761733E00A1994A /* Sources */,
				EED2654C2761733E00A1994A /* Frameworks */,
				EED2654D2761733E00A1994A /* Resources */,
				F4F54EF48BB097F0F387B3B4 /* [CP] Embed Pods Frameworks */,
			);
			buildRules = (
			);
			dependencies = (
				EED265542761733E00A1994A /* PBXTargetDependency */,
			);
			name = "bamboo-iOSTests";
			productName = "bamboo-iOSTests";
			productReference = EED2654F2761733E00A1994A /* bamboo-iOSTests.xctest */;
			productType = "com.apple.product-type.bundle.unit-test";
		};
/* End PBXNativeTarget section */

/* Begin PBXProject section */
		EE8980FE26E5FD400086D2D6 /* Project object */ = {
			isa = PBXProject;
			attributes = {
				LastSwiftUpdateCheck = 1310;
				LastUpgradeCheck = 1250;
				TargetAttributes = {
					EE89810526E5FD400086D2D6 = {
						CreatedOnToolsVersion = 12.5.1;
					};
					EED2654E2761733E00A1994A = {
						CreatedOnToolsVersion = 13.1;
						TestTargetID = EE89810526E5FD400086D2D6;
					};
				};
			};
			buildConfigurationList = EE89810126E5FD400086D2D6 /* Build configuration list for PBXProject "bamboo-iOS" */;
			compatibilityVersion = "Xcode 9.3";
			developmentRegion = en;
			hasScannedForEncodings = 0;
			knownRegions = (
				en,
				Base,
			);
			mainGroup = EE8980FD26E5FD400086D2D6;
			productRefGroup = EE89810726E5FD400086D2D6 /* Products */;
			projectDirPath = "";
			projectRoot = "";
			targets = (
				EE89810526E5FD400086D2D6 /* bamboo-iOS */,
				EED2654E2761733E00A1994A /* bamboo-iOSTests */,
			);
		};
/* End PBXProject section */

/* Begin PBXResourcesBuildPhase section */
		EE89810426E5FD400086D2D6 /* Resources */ = {
			isa = PBXResourcesBuildPhase;
			buildActionMask = 2147483647;
			files = (
				EEDEF950276B3E8600585C26 /* client_469455837990-lkd2grmq4c947eierj7m6rh83259m2ro.apps.googleusercontent.com.plist in Resources */,
				EE89811626E5FD410086D2D6 /* LaunchScreen.storyboard in Resources */,
				EEBA436226ED12540062642F /* NanumSquareRoundEB.ttf in Resources */,
				EE89811326E5FD410086D2D6 /* Assets.xcassets in Resources */,
				EEBA436126ED12500062642F /* NanumSquareRoundB.ttf in Resources */,
				EEBA436326ED12560062642F /* NanumSquareRoundL.ttf in Resources */,
				EEBA436426ED12580062642F /* NanumSquareRoundR.ttf in Resources */,
			);
			runOnlyForDeploymentPostprocessing = 0;
		};
		EED2654D2761733E00A1994A /* Resources */ = {
			isa = PBXResourcesBuildPhase;
			buildActionMask = 2147483647;
			files = (
			);
			runOnlyForDeploymentPostprocessing = 0;
		};
/* End PBXResourcesBuildPhase section */

/* Begin PBXShellScriptBuildPhase section */
		31A41662B5547BD848300201 /* [CP] Check Pods Manifest.lock */ = {
			isa = PBXShellScriptBuildPhase;
			buildActionMask = 2147483647;
			files = (
			);
			inputFileListPaths = (
			);
			inputPaths = (
				"${PODS_PODFILE_DIR_PATH}/Podfile.lock",
				"${PODS_ROOT}/Manifest.lock",
			);
			name = "[CP] Check Pods Manifest.lock";
			outputFileListPaths = (
			);
			outputPaths = (
				"$(DERIVED_FILE_DIR)/Pods-bamboo-iOS-bamboo-iOSTests-checkManifestLockResult.txt",
			);
			runOnlyForDeploymentPostprocessing = 0;
			shellPath = /bin/sh;
			shellScript = "diff \"${PODS_PODFILE_DIR_PATH}/Podfile.lock\" \"${PODS_ROOT}/Manifest.lock\" > /dev/null\nif [ $? != 0 ] ; then\n    # print error to STDERR\n    echo \"error: The sandbox is not in sync with the Podfile.lock. Run 'pod install' or update your CocoaPods installation.\" >&2\n    exit 1\nfi\n# This output is used by Xcode 'outputs' to avoid re-running this script phase.\necho \"SUCCESS\" > \"${SCRIPT_OUTPUT_FILE_0}\"\n";
			showEnvVarsInLog = 0;
		};
		C66135E8F3CB0BB5B417E75E /* [CP] Check Pods Manifest.lock */ = {
			isa = PBXShellScriptBuildPhase;
			buildActionMask = 2147483647;
			files = (
			);
			inputFileListPaths = (
			);
			inputPaths = (
				"${PODS_PODFILE_DIR_PATH}/Podfile.lock",
				"${PODS_ROOT}/Manifest.lock",
			);
			name = "[CP] Check Pods Manifest.lock";
			outputFileListPaths = (
			);
			outputPaths = (
				"$(DERIVED_FILE_DIR)/Pods-bamboo-iOS-checkManifestLockResult.txt",
			);
			runOnlyForDeploymentPostprocessing = 0;
			shellPath = /bin/sh;
			shellScript = "diff \"${PODS_PODFILE_DIR_PATH}/Podfile.lock\" \"${PODS_ROOT}/Manifest.lock\" > /dev/null\nif [ $? != 0 ] ; then\n    # print error to STDERR\n    echo \"error: The sandbox is not in sync with the Podfile.lock. Run 'pod install' or update your CocoaPods installation.\" >&2\n    exit 1\nfi\n# This output is used by Xcode 'outputs' to avoid re-running this script phase.\necho \"SUCCESS\" > \"${SCRIPT_OUTPUT_FILE_0}\"\n";
			showEnvVarsInLog = 0;
		};
		C80F420871B7E223ED064274 /* [CP] Embed Pods Frameworks */ = {
			isa = PBXShellScriptBuildPhase;
			buildActionMask = 2147483647;
			files = (
			);
			inputFileListPaths = (
				"${PODS_ROOT}/Target Support Files/Pods-bamboo-iOS/Pods-bamboo-iOS-frameworks-${CONFIGURATION}-input-files.xcfilelist",
			);
			name = "[CP] Embed Pods Frameworks";
			outputFileListPaths = (
				"${PODS_ROOT}/Target Support Files/Pods-bamboo-iOS/Pods-bamboo-iOS-frameworks-${CONFIGURATION}-output-files.xcfilelist",
			);
			runOnlyForDeploymentPostprocessing = 0;
			shellPath = /bin/sh;
			shellScript = "\"${PODS_ROOT}/Target Support Files/Pods-bamboo-iOS/Pods-bamboo-iOS-frameworks.sh\"\n";
			showEnvVarsInLog = 0;
		};
		F4F54EF48BB097F0F387B3B4 /* [CP] Embed Pods Frameworks */ = {
			isa = PBXShellScriptBuildPhase;
			buildActionMask = 2147483647;
			files = (
			);
			inputFileListPaths = (
				"${PODS_ROOT}/Target Support Files/Pods-bamboo-iOS-bamboo-iOSTests/Pods-bamboo-iOS-bamboo-iOSTests-frameworks-${CONFIGURATION}-input-files.xcfilelist",
			);
			name = "[CP] Embed Pods Frameworks";
			outputFileListPaths = (
				"${PODS_ROOT}/Target Support Files/Pods-bamboo-iOS-bamboo-iOSTests/Pods-bamboo-iOS-bamboo-iOSTests-frameworks-${CONFIGURATION}-output-files.xcfilelist",
			);
			runOnlyForDeploymentPostprocessing = 0;
			shellPath = /bin/sh;
			shellScript = "\"${PODS_ROOT}/Target Support Files/Pods-bamboo-iOS-bamboo-iOSTests/Pods-bamboo-iOS-bamboo-iOSTests-frameworks.sh\"\n";
			showEnvVarsInLog = 0;
		};
/* End PBXShellScriptBuildPhase section */

/* Begin PBXSourcesBuildPhase section */
		EE89810226E5FD400086D2D6 /* Sources */ = {
			isa = PBXSourcesBuildPhase;
			buildActionMask = 2147483647;
			files = (
				EED1FD382761E5D5004AD43E /* RefusalFlow.swift in Sources */,
				EED42DC92763BD6300898537 /* RefusalReactor.swift in Sources */,
				EE680E54271EB93C006D0F03 /* LikeOrDisLikeView.swift in Sources */,
				EEB198FA275FA650000375AB /* StandByFlow.swift in Sources */,
				EE09E9392772ED8F0032F1AA /* ActivityIndicator.swift in Sources */,
				EECCC128275D041C0068A4BD /* ColorExt.swift in Sources */,
				EEC4301B2758A812008F802F /* AppFlow.swift in Sources */,
				EE8141F827018AAA00ECFDCC /* DetailText.swift in Sources */,
				EEC4301F2758A952008F802F /* ManagerLoginAPI.swift in Sources */,
				EECDE31C276A0E140075711C /* BaseService.swift in Sources */,
				EE55923C270DEC4E00223D22 /* ManagerData.swift in Sources */,
				EE7CA2EA271D92BB003140CD /* DeleteTableViewCell.swift in Sources */,
				EE97ACF7275DFCB600A05857 /* AcceptFlow.swift in Sources */,
				EEB198F8275F7D0A000375AB /* WritingBulletinBoardReactor.swift in Sources */,
				EE7CA2D9271D6EAD003140CD /* DeleteViewController.swift in Sources */,
				EEC4302B27591488008F802F /* StepExt.swift in Sources */,
				EE97ACEB275DB43400A05857 /* HomeFlow.swift in Sources */,
				EE8343F82742A98000991D32 /* GoogleLogin.swift in Sources */,
				EEB3E483276F269A009BC98D /* RefusalModalReactor.swift in Sources */,
				EE97ACF5275DFBF700A05857 /* ManagerMainFlow.swift in Sources */,
				EE30E57D2706E8A900B9AF8A /* DropDownTableViewCell.swift in Sources */,
				EE97ACFA275E095500A05857 /* RuleReactor.swift in Sources */,
				EEBDA34426FB5C7500B966E3 /* RuleViewController.swift in Sources */,
				EEC4302327591141008F802F /* BambooStep.swift in Sources */,
				EEE8149C275BB5E10008B06A /* ManagerLoginModalReactor.swift in Sources */,
				EE09E941277349710032F1AA /* ModelType.swift in Sources */,
				EE8141FA27018E0C00ECFDCC /* ExplanationLabel.swift in Sources */,
				EE7CA2D7271D6D64003140CD /* RefusalViewController.swift in Sources */,
				EED1FD342761D35A004AD43E /* APIEnvironment.swift in Sources */,
				EE8141FE2701CEA000ECFDCC /* RuleText.swift in Sources */,
				EE7CA2E6271D9234003140CD /* StandByTableViewCell.swift in Sources */,
				EEBDA34126FB5C0300B966E3 /* DetailViewController.swift in Sources */,
				EE8E5CA42759EB250042CB70 /* LoginFlow.swift in Sources */,
				EE97ACED275DB5F100A05857 /* RuleFlow.swift in Sources */,
				EE9F0D5C26E8CFD40015E81B /* LoginButton.swift in Sources */,
				EE8E5CA22759D74C0042CB70 /* DeviceExt.swift in Sources */,
				EECDE31A276A0D830075711C /* UserLoginService.swift in Sources */,
				EE98CE4C277056DA00AE407B /* EditContentModalReactor.swift in Sources */,
				EE97ACE9275DB3A000A05857 /* MainFlow.swift in Sources */,
				EE09E9372772CDF50032F1AA /* noWifiReactor.swift in Sources */,
				EECCC12A275D045B0068A4BD /* NavigationExt.swift in Sources */,
				EE3BA5862703D47400281096 /* noWifiViewController.swift in Sources */,
				EECCC12C275D04790068A4BD /* LabelExt.swift in Sources */,
				EECDE318276A0D4C0075711C /* ServiceProvider.swift in Sources */,
				EE3BA5792702EFBE00281096 /* BaseTableViewCell.swift in Sources */,
				EEDEF94C276AE54C00585C26 /* ReportReactor.swift in Sources */,
				EEA5AF332705BABE000FF48A /* NetWorkStatus.swift in Sources */,
				EEE8149A275A7BF80008B06A /* GoogleOauthModalReactor.swift in Sources */,
				EE9F0D5526E8B7F00015E81B /* LoginViewController.swift in Sources */,
				EECCC12E275D04A10068A4BD /* NSMutableAttributedStringExt.swift in Sources */,
				EE8064292727034E0040B295 /* RefusalModal.swift in Sources */,
				EE953A3A270678CC00D4E133 /* LoadingIndicator.swift in Sources */,
				EE489A992771B60200513E94 /* OSLogExt.swift in Sources */,
				EE7CA2E8271D92AB003140CD /* RefusalTableViewCell.swift in Sources */,
				EE3BA58327032ACC00281096 /* WritingBulletinBoardModal.swift in Sources */,
				EE9582D02729AD1600AAEC8A /* ReportModal.swift in Sources */,
				EE963D34273401A6005070B5 /* GoogleOauthModalVC.swift in Sources */,
				EE7CA2D5271D6D1E003140CD /* StandByViewController.swift in Sources */,
				EE3BA57E2702F2A100281096 /* UserData.swift in Sources */,
				EE3BA57C2702F0B200281096 /* BulletinBoardsTableViewCell.swift in Sources */,
				EEA5FDD326ECF202004856F3 /* AlertTextField.swift in Sources */,
				EE8BD66E2741581D003D419F /* CustomGoogleOauthBtn.swift in Sources */,
				EE97ACFE275E0F6C00A05857 /* AcceptReactor.swift in Sources */,
				EEC430192758A57B008F802F /* LoginReactor.swift in Sources */,
				EE7CA2D0271D3B45003140CD /* AcceptViewController.swift in Sources */,
				EE89810A26E5FD400086D2D6 /* AppDelegate.swift in Sources */,
				EE89810C26E5FD400086D2D6 /* SceneDelegate.swift in Sources */,
				EE97ACEF275DB68400A05857 /* DetailFlow.swift in Sources */,
				EEAA0630270D8102000EA78D /* AcceptManagerTableViewCell.swift in Sources */,
				EE9F0D5826E8B82C0015E81B /* CALayerExt.swift in Sources */,
				EED42DCB2763BD8500898537 /* DeleteReactor.swift in Sources */,
				EE210FED2725A1DE00320FFD /* EditContentModal.swift in Sources */,
				EE30E5742706B04A00B9AF8A /* AlertTextView.swift in Sources */,
				EE80A8022730C8A700FF204C /* ManagerLoginModal.swift in Sources */,
				EE97ACF1275DEAF500A05857 /* MainReactor.swift in Sources */,
				EED42DC72763BD4900898537 /* StandByReactor.swift in Sources */,
				EE97ACFC275E097900A05857 /* DetailReactor.swift in Sources */,
				EE7C6F7B26EEEC960071031C /* MainViewController.swift in Sources */,
				EE98CE4A277055F100AE407B /* Cell+ReusableID.swift in Sources */,
				EE97B7392719E75500479A06 /* CustomDropDownBtn.swift in Sources */,
				EED42DC52763BAA100898537 /* DeleteFlow.swift in Sources */,
				EED1FD362761D6D5004AD43E /* Networkable.swift in Sources */,
				EECCC126275D04000068A4BD /* ViewExt.swift in Sources */,
				EEF42F17270BDAD00088043F /* BaseVC.swift in Sources */,
			);
			runOnlyForDeploymentPostprocessing = 0;
		};
		EED2654B2761733E00A1994A /* Sources */ = {
			isa = PBXSourcesBuildPhase;
			buildActionMask = 2147483647;
			files = (
				EED265522761733E00A1994A /* bamboo_iOSTests.swift in Sources */,
			);
			runOnlyForDeploymentPostprocessing = 0;
		};
/* End PBXSourcesBuildPhase section */

/* Begin PBXTargetDependency section */
		EED265542761733E00A1994A /* PBXTargetDependency */ = {
			isa = PBXTargetDependency;
			target = EE89810526E5FD400086D2D6 /* bamboo-iOS */;
			targetProxy = EED265532761733E00A1994A /* PBXContainerItemProxy */;
		};
/* End PBXTargetDependency section */

/* Begin PBXVariantGroup section */
		EE89811426E5FD410086D2D6 /* LaunchScreen.storyboard */ = {
			isa = PBXVariantGroup;
			children = (
				EE89811526E5FD410086D2D6 /* Base */,
			);
			name = LaunchScreen.storyboard;
			sourceTree = "<group>";
		};
/* End PBXVariantGroup section */

/* Begin XCBuildConfiguration section */
		EE89811826E5FD410086D2D6 /* Debug */ = {
			isa = XCBuildConfiguration;
			buildSettings = {
				ALWAYS_SEARCH_USER_PATHS = NO;
				CLANG_ANALYZER_NONNULL = YES;
				CLANG_ANALYZER_NUMBER_OBJECT_CONVERSION = YES_AGGRESSIVE;
				CLANG_CXX_LANGUAGE_STANDARD = "gnu++14";
				CLANG_CXX_LIBRARY = "libc++";
				CLANG_ENABLE_MODULES = YES;
				CLANG_ENABLE_OBJC_ARC = YES;
				CLANG_ENABLE_OBJC_WEAK = YES;
				CLANG_WARN_BLOCK_CAPTURE_AUTORELEASING = YES;
				CLANG_WARN_BOOL_CONVERSION = YES;
				CLANG_WARN_COMMA = YES;
				CLANG_WARN_CONSTANT_CONVERSION = YES;
				CLANG_WARN_DEPRECATED_OBJC_IMPLEMENTATIONS = YES;
				CLANG_WARN_DIRECT_OBJC_ISA_USAGE = YES_ERROR;
				CLANG_WARN_DOCUMENTATION_COMMENTS = YES;
				CLANG_WARN_EMPTY_BODY = YES;
				CLANG_WARN_ENUM_CONVERSION = YES;
				CLANG_WARN_INFINITE_RECURSION = YES;
				CLANG_WARN_INT_CONVERSION = YES;
				CLANG_WARN_NON_LITERAL_NULL_CONVERSION = YES;
				CLANG_WARN_OBJC_IMPLICIT_RETAIN_SELF = YES;
				CLANG_WARN_OBJC_LITERAL_CONVERSION = YES;
				CLANG_WARN_OBJC_ROOT_CLASS = YES_ERROR;
				CLANG_WARN_QUOTED_INCLUDE_IN_FRAMEWORK_HEADER = YES;
				CLANG_WARN_RANGE_LOOP_ANALYSIS = YES;
				CLANG_WARN_STRICT_PROTOTYPES = YES;
				CLANG_WARN_SUSPICIOUS_MOVE = YES;
				CLANG_WARN_UNGUARDED_AVAILABILITY = YES_AGGRESSIVE;
				CLANG_WARN_UNREACHABLE_CODE = YES;
				CLANG_WARN__DUPLICATE_METHOD_MATCH = YES;
				COPY_PHASE_STRIP = NO;
				DEBUG_INFORMATION_FORMAT = dwarf;
				ENABLE_STRICT_OBJC_MSGSEND = YES;
				ENABLE_TESTABILITY = YES;
				GCC_C_LANGUAGE_STANDARD = gnu11;
				GCC_DYNAMIC_NO_PIC = NO;
				GCC_NO_COMMON_BLOCKS = YES;
				GCC_OPTIMIZATION_LEVEL = 0;
				GCC_PREPROCESSOR_DEFINITIONS = (
					"DEBUG=1",
					"$(inherited)",
				);
				GCC_WARN_64_TO_32_BIT_CONVERSION = YES;
				GCC_WARN_ABOUT_RETURN_TYPE = YES_ERROR;
				GCC_WARN_UNDECLARED_SELECTOR = YES;
				GCC_WARN_UNINITIALIZED_AUTOS = YES_AGGRESSIVE;
				GCC_WARN_UNUSED_FUNCTION = YES;
				GCC_WARN_UNUSED_VARIABLE = YES;
				IPHONEOS_DEPLOYMENT_TARGET = 14.5;
				MTL_ENABLE_DEBUG_INFO = INCLUDE_SOURCE;
				MTL_FAST_MATH = YES;
				ONLY_ACTIVE_ARCH = YES;
				SDKROOT = iphoneos;
				SWIFT_ACTIVE_COMPILATION_CONDITIONS = DEBUG;
				SWIFT_OPTIMIZATION_LEVEL = "-Onone";
			};
			name = Debug;
		};
		EE89811926E5FD410086D2D6 /* Release */ = {
			isa = XCBuildConfiguration;
			buildSettings = {
				ALWAYS_SEARCH_USER_PATHS = NO;
				CLANG_ANALYZER_NONNULL = YES;
				CLANG_ANALYZER_NUMBER_OBJECT_CONVERSION = YES_AGGRESSIVE;
				CLANG_CXX_LANGUAGE_STANDARD = "gnu++14";
				CLANG_CXX_LIBRARY = "libc++";
				CLANG_ENABLE_MODULES = YES;
				CLANG_ENABLE_OBJC_ARC = YES;
				CLANG_ENABLE_OBJC_WEAK = YES;
				CLANG_WARN_BLOCK_CAPTURE_AUTORELEASING = YES;
				CLANG_WARN_BOOL_CONVERSION = YES;
				CLANG_WARN_COMMA = YES;
				CLANG_WARN_CONSTANT_CONVERSION = YES;
				CLANG_WARN_DEPRECATED_OBJC_IMPLEMENTATIONS = YES;
				CLANG_WARN_DIRECT_OBJC_ISA_USAGE = YES_ERROR;
				CLANG_WARN_DOCUMENTATION_COMMENTS = YES;
				CLANG_WARN_EMPTY_BODY = YES;
				CLANG_WARN_ENUM_CONVERSION = YES;
				CLANG_WARN_INFINITE_RECURSION = YES;
				CLANG_WARN_INT_CONVERSION = YES;
				CLANG_WARN_NON_LITERAL_NULL_CONVERSION = YES;
				CLANG_WARN_OBJC_IMPLICIT_RETAIN_SELF = YES;
				CLANG_WARN_OBJC_LITERAL_CONVERSION = YES;
				CLANG_WARN_OBJC_ROOT_CLASS = YES_ERROR;
				CLANG_WARN_QUOTED_INCLUDE_IN_FRAMEWORK_HEADER = YES;
				CLANG_WARN_RANGE_LOOP_ANALYSIS = YES;
				CLANG_WARN_STRICT_PROTOTYPES = YES;
				CLANG_WARN_SUSPICIOUS_MOVE = YES;
				CLANG_WARN_UNGUARDED_AVAILABILITY = YES_AGGRESSIVE;
				CLANG_WARN_UNREACHABLE_CODE = YES;
				CLANG_WARN__DUPLICATE_METHOD_MATCH = YES;
				COPY_PHASE_STRIP = NO;
				DEBUG_INFORMATION_FORMAT = "dwarf-with-dsym";
				ENABLE_NS_ASSERTIONS = NO;
				ENABLE_STRICT_OBJC_MSGSEND = YES;
				GCC_C_LANGUAGE_STANDARD = gnu11;
				GCC_NO_COMMON_BLOCKS = YES;
				GCC_WARN_64_TO_32_BIT_CONVERSION = YES;
				GCC_WARN_ABOUT_RETURN_TYPE = YES_ERROR;
				GCC_WARN_UNDECLARED_SELECTOR = YES;
				GCC_WARN_UNINITIALIZED_AUTOS = YES_AGGRESSIVE;
				GCC_WARN_UNUSED_FUNCTION = YES;
				GCC_WARN_UNUSED_VARIABLE = YES;
				IPHONEOS_DEPLOYMENT_TARGET = 14.5;
				MTL_ENABLE_DEBUG_INFO = NO;
				MTL_FAST_MATH = YES;
				SDKROOT = iphoneos;
				SWIFT_COMPILATION_MODE = wholemodule;
				SWIFT_OPTIMIZATION_LEVEL = "-O";
				VALIDATE_PRODUCT = YES;
			};
			name = Release;
		};
		EE89811B26E5FD410086D2D6 /* Debug */ = {
			isa = XCBuildConfiguration;
			baseConfigurationReference = 450B525D3040C9D8D909B9E5 /* Pods-bamboo-iOS.debug.xcconfig */;
			buildSettings = {
				ASSETCATALOG_COMPILER_APPICON_NAME = AppIcon;
				ASSETCATALOG_COMPILER_GLOBAL_ACCENT_COLOR_NAME = AccentColor;
				CODE_SIGN_STYLE = Automatic;
				DEVELOPMENT_TEAM = 7JA353ZJMP;
				INFOPLIST_FILE = "bamboo-iOS/Supporting/Info.plist";
				LD_RUNPATH_SEARCH_PATHS = (
					"$(inherited)",
					"@executable_path/Frameworks",
				);
				MARKETING_VERSION = 1.0;
				PRODUCT_BUNDLE_IDENTIFIER = "com.JiHoonAHN.bamboo-iOS";
				PRODUCT_NAME = "$(TARGET_NAME)";
				SWIFT_VERSION = 5.0;
				TARGETED_DEVICE_FAMILY = "1,2";
			};
			name = Debug;
		};
		EE89811C26E5FD410086D2D6 /* Release */ = {
			isa = XCBuildConfiguration;
			baseConfigurationReference = 1EF78B3550F3909AFDB7E7A0 /* Pods-bamboo-iOS.release.xcconfig */;
			buildSettings = {
				ASSETCATALOG_COMPILER_APPICON_NAME = AppIcon;
				ASSETCATALOG_COMPILER_GLOBAL_ACCENT_COLOR_NAME = AccentColor;
				CODE_SIGN_STYLE = Automatic;
				DEVELOPMENT_TEAM = 7JA353ZJMP;
				INFOPLIST_FILE = "bamboo-iOS/Supporting/Info.plist";
				LD_RUNPATH_SEARCH_PATHS = (
					"$(inherited)",
					"@executable_path/Frameworks",
				);
				MARKETING_VERSION = 1.0;
				PRODUCT_BUNDLE_IDENTIFIER = "com.JiHoonAHN.bamboo-iOS";
				PRODUCT_NAME = "$(TARGET_NAME)";
				SWIFT_VERSION = 5.0;
				TARGETED_DEVICE_FAMILY = "1,2";
			};
			name = Release;
		};
		EED265552761733E00A1994A /* Debug */ = {
			isa = XCBuildConfiguration;
			baseConfigurationReference = EDEFDC54AF795E6AFB6F26B4 /* Pods-bamboo-iOS-bamboo-iOSTests.debug.xcconfig */;
			buildSettings = {
				BUNDLE_LOADER = "$(TEST_HOST)";
				CLANG_CXX_LANGUAGE_STANDARD = "gnu++17";
				CODE_SIGN_STYLE = Automatic;
				CURRENT_PROJECT_VERSION = 1;
				DEVELOPMENT_TEAM = 7JA353ZJMP;
				GENERATE_INFOPLIST_FILE = YES;
				IPHONEOS_DEPLOYMENT_TARGET = 15.0;
				LD_RUNPATH_SEARCH_PATHS = (
					"$(inherited)",
					"@executable_path/Frameworks",
					"@loader_path/Frameworks",
				);
				MARKETING_VERSION = 1.0;
				PRODUCT_BUNDLE_IDENTIFIER = "JiHoonAHN.bamboo-iOSTests";
				PRODUCT_NAME = "$(TARGET_NAME)";
				SWIFT_EMIT_LOC_STRINGS = NO;
				SWIFT_VERSION = 5.0;
				TARGETED_DEVICE_FAMILY = "1,2";
				TEST_HOST = "$(BUILT_PRODUCTS_DIR)/bamboo-iOS.app/bamboo-iOS";
			};
			name = Debug;
		};
		EED265562761733E00A1994A /* Release */ = {
			isa = XCBuildConfiguration;
			baseConfigurationReference = 7D6F150B42FC5487FAC2680F /* Pods-bamboo-iOS-bamboo-iOSTests.release.xcconfig */;
			buildSettings = {
				BUNDLE_LOADER = "$(TEST_HOST)";
				CLANG_CXX_LANGUAGE_STANDARD = "gnu++17";
				CODE_SIGN_STYLE = Automatic;
				CURRENT_PROJECT_VERSION = 1;
				DEVELOPMENT_TEAM = 7JA353ZJMP;
				GENERATE_INFOPLIST_FILE = YES;
				IPHONEOS_DEPLOYMENT_TARGET = 15.0;
				LD_RUNPATH_SEARCH_PATHS = (
					"$(inherited)",
					"@executable_path/Frameworks",
					"@loader_path/Frameworks",
				);
				MARKETING_VERSION = 1.0;
				PRODUCT_BUNDLE_IDENTIFIER = "JiHoonAHN.bamboo-iOSTests";
				PRODUCT_NAME = "$(TARGET_NAME)";
				SWIFT_EMIT_LOC_STRINGS = NO;
				SWIFT_VERSION = 5.0;
				TARGETED_DEVICE_FAMILY = "1,2";
				TEST_HOST = "$(BUILT_PRODUCTS_DIR)/bamboo-iOS.app/bamboo-iOS";
			};
			name = Release;
		};
/* End XCBuildConfiguration section */

/* Begin XCConfigurationList section */
		EE89810126E5FD400086D2D6 /* Build configuration list for PBXProject "bamboo-iOS" */ = {
			isa = XCConfigurationList;
			buildConfigurations = (
				EE89811826E5FD410086D2D6 /* Debug */,
				EE89811926E5FD410086D2D6 /* Release */,
			);
			defaultConfigurationIsVisible = 0;
			defaultConfigurationName = Release;
		};
		EE89811A26E5FD410086D2D6 /* Build configuration list for PBXNativeTarget "bamboo-iOS" */ = {
			isa = XCConfigurationList;
			buildConfigurations = (
				EE89811B26E5FD410086D2D6 /* Debug */,
				EE89811C26E5FD410086D2D6 /* Release */,
			);
			defaultConfigurationIsVisible = 0;
			defaultConfigurationName = Release;
		};
		EED265572761733E00A1994A /* Build configuration list for PBXNativeTarget "bamboo-iOSTests" */ = {
			isa = XCConfigurationList;
			buildConfigurations = (
				EED265552761733E00A1994A /* Debug */,
				EED265562761733E00A1994A /* Release */,
			);
			defaultConfigurationIsVisible = 0;
			defaultConfigurationName = Release;
		};
/* End XCConfigurationList section */
	};
	rootObject = EE8980FE26E5FD400086D2D6 /* Project object */;
}
