// !$*UTF8*$!
{
	archiveVersion = 1;
	classes = {
	};
	objectVersion = 51;
	objects = {

/* Begin PBXBuildFile section */
		0DE5110F3AF51649AF7D0E45 /* Pods_bamboo_iOS.framework in Frameworks */ = {isa = PBXBuildFile; fileRef = C33F7F11005C1FA2558983EB /* Pods_bamboo_iOS.framework */; };
		EE3BA5702702816800281096 /* BulletinBoardCollectionViewCell.swift in Sources */ = {isa = PBXBuildFile; fileRef = EE3BA56F2702816800281096 /* BulletinBoardCollectionViewCell.swift */; };
		EE3BA5762702E87200281096 /* HeaderCollectionView.swift in Sources */ = {isa = PBXBuildFile; fileRef = EE3BA5752702E87200281096 /* HeaderCollectionView.swift */; };
		EE3BA5792702EFBE00281096 /* BaseTableViewCell.swift in Sources */ = {isa = PBXBuildFile; fileRef = EE3BA5782702EFBE00281096 /* BaseTableViewCell.swift */; };
		EE3BA57C2702F0B200281096 /* BulletinBoardsTableViewCell.swift in Sources */ = {isa = PBXBuildFile; fileRef = EE3BA57B2702F0B200281096 /* BulletinBoardsTableViewCell.swift */; };
		EE3BA57E2702F2A100281096 /* Data.swift in Sources */ = {isa = PBXBuildFile; fileRef = EE3BA57D2702F2A100281096 /* Data.swift */; };
		EE7C6F7B26EEEC960071031C /* MainViewController.swift in Sources */ = {isa = PBXBuildFile; fileRef = EE7C6F7A26EEEC960071031C /* MainViewController.swift */; };
		EE7C6FDA26EF75980071031C /* CustomTabbar.swift in Sources */ = {isa = PBXBuildFile; fileRef = EE7C6FD926EF75980071031C /* CustomTabbar.swift */; };
		EE8141F827018AAA00ECFDCC /* RuleText.swift in Sources */ = {isa = PBXBuildFile; fileRef = EE8141F727018AAA00ECFDCC /* RuleText.swift */; };
		EE8141FA27018E0C00ECFDCC /* ExplanationLabel.swift in Sources */ = {isa = PBXBuildFile; fileRef = EE8141F927018E0C00ECFDCC /* ExplanationLabel.swift */; };
		EE8141FE2701CEA000ECFDCC /* DetailText.swift in Sources */ = {isa = PBXBuildFile; fileRef = EE8141FD2701CEA000ECFDCC /* DetailText.swift */; };
		EE89810A26E5FD400086D2D6 /* AppDelegate.swift in Sources */ = {isa = PBXBuildFile; fileRef = EE89810926E5FD400086D2D6 /* AppDelegate.swift */; };
		EE89810C26E5FD400086D2D6 /* SceneDelegate.swift in Sources */ = {isa = PBXBuildFile; fileRef = EE89810B26E5FD400086D2D6 /* SceneDelegate.swift */; };
		EE89811326E5FD410086D2D6 /* Assets.xcassets in Resources */ = {isa = PBXBuildFile; fileRef = EE89811226E5FD410086D2D6 /* Assets.xcassets */; };
		EE89811626E5FD410086D2D6 /* LaunchScreen.storyboard in Resources */ = {isa = PBXBuildFile; fileRef = EE89811426E5FD410086D2D6 /* LaunchScreen.storyboard */; };
		EE9F0D5526E8B7F00015E81B /* LoginViewController.swift in Sources */ = {isa = PBXBuildFile; fileRef = EE9F0D5426E8B7F00015E81B /* LoginViewController.swift */; };
		EE9F0D5826E8B82C0015E81B /* Extensions.swift in Sources */ = {isa = PBXBuildFile; fileRef = EE9F0D5726E8B82C0015E81B /* Extensions.swift */; };
		EE9F0D5C26E8CFD40015E81B /* LoginButton.swift in Sources */ = {isa = PBXBuildFile; fileRef = EE9F0D5B26E8CFD40015E81B /* LoginButton.swift */; };
		EE9F0D5E26E902E70015E81B /* ManagerPopUp.swift in Sources */ = {isa = PBXBuildFile; fileRef = EE9F0D5D26E902E70015E81B /* ManagerPopUp.swift */; };
		EEA5FDD326ECF202004856F3 /* AlertTextField.swift in Sources */ = {isa = PBXBuildFile; fileRef = EEA5FDD226ECF202004856F3 /* AlertTextField.swift */; };
		EEBA436126ED12500062642F /* NanumSquareRoundB.ttf in Resources */ = {isa = PBXBuildFile; fileRef = EE9F0D1826E78F130015E81B /* NanumSquareRoundB.ttf */; };
		EEBA436226ED12540062642F /* NanumSquareRoundEB.ttf in Resources */ = {isa = PBXBuildFile; fileRef = EE9F0D1B26E78F130015E81B /* NanumSquareRoundEB.ttf */; };
		EEBA436326ED12560062642F /* NanumSquareRoundL.ttf in Resources */ = {isa = PBXBuildFile; fileRef = EE9F0D1926E78F130015E81B /* NanumSquareRoundL.ttf */; };
		EEBA436426ED12580062642F /* NanumSquareRoundR.ttf in Resources */ = {isa = PBXBuildFile; fileRef = EE9F0D1A26E78F130015E81B /* NanumSquareRoundR.ttf */; };
		EEBDA33E26FB5AC300B966E3 /* MainTabbar.swift in Sources */ = {isa = PBXBuildFile; fileRef = EEBDA33D26FB5AC300B966E3 /* MainTabbar.swift */; };
		EEBDA34126FB5C0300B966E3 /* RuleViewController.swift in Sources */ = {isa = PBXBuildFile; fileRef = EEBDA34026FB5C0300B966E3 /* RuleViewController.swift */; };
		EEBDA34426FB5C7500B966E3 /* DetailViewController.swift in Sources */ = {isa = PBXBuildFile; fileRef = EEBDA34326FB5C7500B966E3 /* DetailViewController.swift */; };
		EEBDA34626FC0FBE00B966E3 /* OSLog.framework in Frameworks */ = {isa = PBXBuildFile; fileRef = EEBDA34526FC0FBE00B966E3 /* OSLog.framework */; };
/* End PBXBuildFile section */

/* Begin PBXFileReference section */
		1EF78B3550F3909AFDB7E7A0 /* Pods-bamboo-iOS.release.xcconfig */ = {isa = PBXFileReference; includeInIndex = 1; lastKnownFileType = text.xcconfig; name = "Pods-bamboo-iOS.release.xcconfig"; path = "Target Support Files/Pods-bamboo-iOS/Pods-bamboo-iOS.release.xcconfig"; sourceTree = "<group>"; };
		450B525D3040C9D8D909B9E5 /* Pods-bamboo-iOS.debug.xcconfig */ = {isa = PBXFileReference; includeInIndex = 1; lastKnownFileType = text.xcconfig; name = "Pods-bamboo-iOS.debug.xcconfig"; path = "Target Support Files/Pods-bamboo-iOS/Pods-bamboo-iOS.debug.xcconfig"; sourceTree = "<group>"; };
		C33F7F11005C1FA2558983EB /* Pods_bamboo_iOS.framework */ = {isa = PBXFileReference; explicitFileType = wrapper.framework; includeInIndex = 0; path = Pods_bamboo_iOS.framework; sourceTree = BUILT_PRODUCTS_DIR; };
		EE3BA56F2702816800281096 /* BulletinBoardCollectionViewCell.swift */ = {isa = PBXFileReference; lastKnownFileType = sourcecode.swift; path = BulletinBoardCollectionViewCell.swift; sourceTree = "<group>"; };
		EE3BA5752702E87200281096 /* HeaderCollectionView.swift */ = {isa = PBXFileReference; lastKnownFileType = sourcecode.swift; path = HeaderCollectionView.swift; sourceTree = "<group>"; };
		EE3BA5782702EFBE00281096 /* BaseTableViewCell.swift */ = {isa = PBXFileReference; lastKnownFileType = sourcecode.swift; path = BaseTableViewCell.swift; sourceTree = "<group>"; };
		EE3BA57B2702F0B200281096 /* BulletinBoardsTableViewCell.swift */ = {isa = PBXFileReference; lastKnownFileType = sourcecode.swift; path = BulletinBoardsTableViewCell.swift; sourceTree = "<group>"; };
		EE3BA57D2702F2A100281096 /* Data.swift */ = {isa = PBXFileReference; lastKnownFileType = sourcecode.swift; name = Data.swift; path = "bamboo-iOS/MVVM/Model/Data.swift"; sourceTree = SOURCE_ROOT; };
		EE7C6F7A26EEEC960071031C /* MainViewController.swift */ = {isa = PBXFileReference; lastKnownFileType = sourcecode.swift; path = MainViewController.swift; sourceTree = "<group>"; };
		EE7C6FD926EF75980071031C /* CustomTabbar.swift */ = {isa = PBXFileReference; lastKnownFileType = sourcecode.swift; path = CustomTabbar.swift; sourceTree = "<group>"; };
		EE8141F727018AAA00ECFDCC /* RuleText.swift */ = {isa = PBXFileReference; lastKnownFileType = sourcecode.swift; path = RuleText.swift; sourceTree = "<group>"; };
		EE8141F927018E0C00ECFDCC /* ExplanationLabel.swift */ = {isa = PBXFileReference; lastKnownFileType = sourcecode.swift; path = ExplanationLabel.swift; sourceTree = "<group>"; };
		EE8141FD2701CEA000ECFDCC /* DetailText.swift */ = {isa = PBXFileReference; lastKnownFileType = sourcecode.swift; path = DetailText.swift; sourceTree = "<group>"; };
		EE89810626E5FD400086D2D6 /* bamboo-iOS.app */ = {isa = PBXFileReference; explicitFileType = wrapper.application; includeInIndex = 0; path = "bamboo-iOS.app"; sourceTree = BUILT_PRODUCTS_DIR; };
		EE89810926E5FD400086D2D6 /* AppDelegate.swift */ = {isa = PBXFileReference; lastKnownFileType = sourcecode.swift; path = AppDelegate.swift; sourceTree = "<group>"; };
		EE89810B26E5FD400086D2D6 /* SceneDelegate.swift */ = {isa = PBXFileReference; lastKnownFileType = sourcecode.swift; path = SceneDelegate.swift; sourceTree = "<group>"; };
		EE89811226E5FD410086D2D6 /* Assets.xcassets */ = {isa = PBXFileReference; lastKnownFileType = folder.assetcatalog; path = Assets.xcassets; sourceTree = "<group>"; };
		EE89811526E5FD410086D2D6 /* Base */ = {isa = PBXFileReference; lastKnownFileType = file.storyboard; name = Base; path = Base.lproj/LaunchScreen.storyboard; sourceTree = "<group>"; };
		EE89811726E5FD410086D2D6 /* Info.plist */ = {isa = PBXFileReference; lastKnownFileType = text.plist.xml; path = Info.plist; sourceTree = "<group>"; };
		EE9F0D1826E78F130015E81B /* NanumSquareRoundB.ttf */ = {isa = PBXFileReference; lastKnownFileType = file; path = NanumSquareRoundB.ttf; sourceTree = "<group>"; };
		EE9F0D1926E78F130015E81B /* NanumSquareRoundL.ttf */ = {isa = PBXFileReference; lastKnownFileType = file; path = NanumSquareRoundL.ttf; sourceTree = "<group>"; };
		EE9F0D1A26E78F130015E81B /* NanumSquareRoundR.ttf */ = {isa = PBXFileReference; lastKnownFileType = file; path = NanumSquareRoundR.ttf; sourceTree = "<group>"; };
		EE9F0D1B26E78F130015E81B /* NanumSquareRoundEB.ttf */ = {isa = PBXFileReference; lastKnownFileType = file; path = NanumSquareRoundEB.ttf; sourceTree = "<group>"; };
		EE9F0D5426E8B7F00015E81B /* LoginViewController.swift */ = {isa = PBXFileReference; lastKnownFileType = sourcecode.swift; path = LoginViewController.swift; sourceTree = "<group>"; };
		EE9F0D5726E8B82C0015E81B /* Extensions.swift */ = {isa = PBXFileReference; lastKnownFileType = sourcecode.swift; path = Extensions.swift; sourceTree = "<group>"; };
		EE9F0D5B26E8CFD40015E81B /* LoginButton.swift */ = {isa = PBXFileReference; lastKnownFileType = sourcecode.swift; path = LoginButton.swift; sourceTree = "<group>"; };
		EE9F0D5D26E902E70015E81B /* ManagerPopUp.swift */ = {isa = PBXFileReference; lastKnownFileType = sourcecode.swift; path = ManagerPopUp.swift; sourceTree = "<group>"; };
		EEA5FDD226ECF202004856F3 /* AlertTextField.swift */ = {isa = PBXFileReference; lastKnownFileType = sourcecode.swift; path = AlertTextField.swift; sourceTree = "<group>"; };
		EEBDA33D26FB5AC300B966E3 /* MainTabbar.swift */ = {isa = PBXFileReference; lastKnownFileType = sourcecode.swift; path = MainTabbar.swift; sourceTree = "<group>"; };
		EEBDA34026FB5C0300B966E3 /* RuleViewController.swift */ = {isa = PBXFileReference; lastKnownFileType = sourcecode.swift; path = RuleViewController.swift; sourceTree = "<group>"; };
		EEBDA34326FB5C7500B966E3 /* DetailViewController.swift */ = {isa = PBXFileReference; lastKnownFileType = sourcecode.swift; path = DetailViewController.swift; sourceTree = "<group>"; };
		EEBDA34526FC0FBE00B966E3 /* OSLog.framework */ = {isa = PBXFileReference; lastKnownFileType = wrapper.framework; name = OSLog.framework; path = System/Library/Frameworks/OSLog.framework; sourceTree = SDKROOT; };
/* End PBXFileReference section */

/* Begin PBXFrameworksBuildPhase section */
		EE89810326E5FD400086D2D6 /* Frameworks */ = {
			isa = PBXFrameworksBuildPhase;
			buildActionMask = 2147483647;
			files = (
				0DE5110F3AF51649AF7D0E45 /* Pods_bamboo_iOS.framework in Frameworks */,
				EEBDA34626FC0FBE00B966E3 /* OSLog.framework in Frameworks */,
			);
			runOnlyForDeploymentPostprocessing = 0;
		};
/* End PBXFrameworksBuildPhase section */

/* Begin PBXGroup section */
		603A43172F64662304C1A921 /* Pods */ = {
			isa = PBXGroup;
			children = (
				450B525D3040C9D8D909B9E5 /* Pods-bamboo-iOS.debug.xcconfig */,
				1EF78B3550F3909AFDB7E7A0 /* Pods-bamboo-iOS.release.xcconfig */,
			);
			path = Pods;
			sourceTree = "<group>";
		};
		BBDDB91F2933C652DB1543A4 /* Frameworks */ = {
			isa = PBXGroup;
			children = (
				EEBDA34526FC0FBE00B966E3 /* OSLog.framework */,
				C33F7F11005C1FA2558983EB /* Pods_bamboo_iOS.framework */,
			);
			name = Frameworks;
			sourceTree = "<group>";
		};
		EE3BA56E2702814E00281096 /* CollectionView */ = {
			isa = PBXGroup;
			children = (
				EE3BA5742702E86000281096 /* Header */,
				EE3BA56F2702816800281096 /* BulletinBoardCollectionViewCell.swift */,
			);
			path = CollectionView;
			sourceTree = "<group>";
		};
		EE3BA5712702DF4B00281096 /* TableView */ = {
			isa = PBXGroup;
			children = (
				EE3BA57A2702F09600281096 /* TableViewCell */,
				EE3BA5772702EFB000281096 /* Base */,
			);
			path = TableView;
			sourceTree = "<group>";
		};
		EE3BA5742702E86000281096 /* Header */ = {
			isa = PBXGroup;
			children = (
				EE3BA5752702E87200281096 /* HeaderCollectionView.swift */,
			);
			path = Header;
			sourceTree = "<group>";
		};
		EE3BA5772702EFB000281096 /* Base */ = {
			isa = PBXGroup;
			children = (
				EE3BA5782702EFBE00281096 /* BaseTableViewCell.swift */,
			);
			path = Base;
			sourceTree = "<group>";
		};
		EE3BA57A2702F09600281096 /* TableViewCell */ = {
			isa = PBXGroup;
			children = (
				EE3BA57B2702F0B200281096 /* BulletinBoardsTableViewCell.swift */,
			);
			path = TableViewCell;
			sourceTree = "<group>";
		};
		EE3BA57F270301F200281096 /* Model */ = {
			isa = PBXGroup;
			children = (
				EE3BA57D2702F2A100281096 /* Data.swift */,
			);
			path = Model;
			sourceTree = "<group>";
		};
		EE7C6F7526EEEC410071031C /* Login */ = {
			isa = PBXGroup;
			children = (
				EE9F0D5426E8B7F00015E81B /* LoginViewController.swift */,
			);
			path = Login;
			sourceTree = "<group>";
		};
		EE7C6F7626EEEC4E0071031C /* CustomButton */ = {
			isa = PBXGroup;
			children = (
				EE9F0D5B26E8CFD40015E81B /* LoginButton.swift */,
			);
			path = CustomButton;
			sourceTree = "<group>";
		};
		EE7C6F7726EEEC680071031C /* CustomTextfield */ = {
			isa = PBXGroup;
			children = (
				EEA5FDD226ECF202004856F3 /* AlertTextField.swift */,
			);
			path = CustomTextfield;
			sourceTree = "<group>";
		};
		EE7C6F7826EEEC720071031C /* CustomAlert */ = {
			isa = PBXGroup;
			children = (
				EE9F0D5D26E902E70015E81B /* ManagerPopUp.swift */,
			);
			path = CustomAlert;
			sourceTree = "<group>";
		};
		EE7C6F7926EEEC880071031C /* Home */ = {
			isa = PBXGroup;
			children = (
				EE7C6F7A26EEEC960071031C /* MainViewController.swift */,
			);
			path = Home;
			sourceTree = "<group>";
		};
		EE7C6FD826EF74AD0071031C /* TabBar */ = {
			isa = PBXGroup;
			children = (
				EE7C6FD926EF75980071031C /* CustomTabbar.swift */,
			);
			path = TabBar;
			sourceTree = "<group>";
		};
		EE80467326F45E78007D3206 /* Extensions */ = {
			isa = PBXGroup;
			children = (
				EE9F0D5726E8B82C0015E81B /* Extensions.swift */,
			);
			path = Extensions;
			sourceTree = "<group>";
		};
		EE80467426F463E8007D3206 /* Cell */ = {
			isa = PBXGroup;
			children = (
				EE3BA5712702DF4B00281096 /* TableView */,
				EE3BA56E2702814E00281096 /* CollectionView */,
			);
			path = Cell;
			sourceTree = "<group>";
		};
		EE8141F5270189EB00ECFDCC /* ViewController */ = {
			isa = PBXGroup;
			children = (
				EEBDA34026FB5C0300B966E3 /* RuleViewController.swift */,
			);
			path = ViewController;
			sourceTree = "<group>";
		};
		EE8141F627018A1900ECFDCC /* RuleText */ = {
			isa = PBXGroup;
			children = (
				EE8141F727018AAA00ECFDCC /* RuleText.swift */,
			);
			path = RuleText;
			sourceTree = "<group>";
		};
		EE8141FB2701CE7A00ECFDCC /* ViewController */ = {
			isa = PBXGroup;
			children = (
				EEBDA34326FB5C7500B966E3 /* DetailViewController.swift */,
			);
			path = ViewController;
			sourceTree = "<group>";
		};
		EE8141FC2701CE8B00ECFDCC /* DetailText */ = {
			isa = PBXGroup;
			children = (
				EE8141FD2701CEA000ECFDCC /* DetailText.swift */,
			);
			path = DetailText;
			sourceTree = "<group>";
		};
		EE8980FD26E5FD400086D2D6 = {
			isa = PBXGroup;
			children = (
				EE89810826E5FD400086D2D6 /* bamboo-iOS */,
				EE89810726E5FD400086D2D6 /* Products */,
				603A43172F64662304C1A921 /* Pods */,
				BBDDB91F2933C652DB1543A4 /* Frameworks */,
			);
			sourceTree = "<group>";
		};
		EE89810726E5FD400086D2D6 /* Products */ = {
			isa = PBXGroup;
			children = (
				EE89810626E5FD400086D2D6 /* bamboo-iOS.app */,
			);
			name = Products;
			sourceTree = "<group>";
		};
		EE89810826E5FD400086D2D6 /* bamboo-iOS */ = {
			isa = PBXGroup;
			children = (
				EE89811726E5FD410086D2D6 /* Info.plist */,
				EE9F0CDC26E747560015E81B /* AppDelegate */,
				EE9F0CE226E748D40015E81B /* Font */,
				EE9F0D5626E8B8130015E81B /* Utils */,
				EE9F0CDD26E7485C0015E81B /* MVVM */,
				EE9F0CE126E748AF0015E81B /* Controller */,
				EE9F0CE326E748FE0015E81B /* Splash */,
				EE9F0D5926E8B8650015E81B /* API */,
				EE9F0D5A26E8B8860015E81B /* Image */,
			);
			path = "bamboo-iOS";
			sourceTree = "<group>";
		};
		EE9F0CDC26E747560015E81B /* AppDelegate */ = {
			isa = PBXGroup;
			children = (
				EE89810926E5FD400086D2D6 /* AppDelegate.swift */,
				EE89810B26E5FD400086D2D6 /* SceneDelegate.swift */,
			);
			path = AppDelegate;
			sourceTree = "<group>";
		};
		EE9F0CDD26E7485C0015E81B /* MVVM */ = {
			isa = PBXGroup;
			children = (
				EE3BA57F270301F200281096 /* Model */,
				EE9F0CDE26E748650015E81B /* View */,
				EE9F0CDF26E7486A0015E81B /* ViewModel */,
			);
			path = MVVM;
			sourceTree = "<group>";
		};
		EE9F0CDE26E748650015E81B /* View */ = {
			isa = PBXGroup;
			children = (
				EEA3008326FD471100EA6374 /* CustomLabel */,
				EE80467426F463E8007D3206 /* Cell */,
				EE7C6FD826EF74AD0071031C /* TabBar */,
				EE7C6F7826EEEC720071031C /* CustomAlert */,
				EE7C6F7726EEEC680071031C /* CustomTextfield */,
				EE7C6F7626EEEC4E0071031C /* CustomButton */,
			);
			path = View;
			sourceTree = "<group>";
		};
		EE9F0CDF26E7486A0015E81B /* ViewModel */ = {
			isa = PBXGroup;
			children = (
			);
			path = ViewModel;
			sourceTree = "<group>";
		};
		EE9F0CE126E748AF0015E81B /* Controller */ = {
			isa = PBXGroup;
			children = (
				EE7C6F7526EEEC410071031C /* Login */,
				EEBDA33C26FB5AB200B966E3 /* TabBarController */,
				EE7C6F7926EEEC880071031C /* Home */,
				EEBDA33F26FB5BF200B966E3 /* Rule */,
				EEBDA34226FB5C3F00B966E3 /* Detail */,
			);
			path = Controller;
			sourceTree = "<group>";
		};
		EE9F0CE226E748D40015E81B /* Font */ = {
			isa = PBXGroup;
			children = (
				EE9F0D1826E78F130015E81B /* NanumSquareRoundB.ttf */,
				EE9F0D1B26E78F130015E81B /* NanumSquareRoundEB.ttf */,
				EE9F0D1926E78F130015E81B /* NanumSquareRoundL.ttf */,
				EE9F0D1A26E78F130015E81B /* NanumSquareRoundR.ttf */,
			);
			path = Font;
			sourceTree = "<group>";
		};
		EE9F0CE326E748FE0015E81B /* Splash */ = {
			isa = PBXGroup;
			children = (
				EE89811426E5FD410086D2D6 /* LaunchScreen.storyboard */,
			);
			path = Splash;
			sourceTree = "<group>";
		};
		EE9F0D5626E8B8130015E81B /* Utils */ = {
			isa = PBXGroup;
			children = (
				EE80467326F45E78007D3206 /* Extensions */,
			);
			path = Utils;
			sourceTree = "<group>";
		};
		EE9F0D5926E8B8650015E81B /* API */ = {
			isa = PBXGroup;
			children = (
			);
			path = API;
			sourceTree = "<group>";
		};
		EE9F0D5A26E8B8860015E81B /* Image */ = {
			isa = PBXGroup;
			children = (
				EE89811226E5FD410086D2D6 /* Assets.xcassets */,
			);
			path = Image;
			sourceTree = "<group>";
		};
		EEA3008326FD471100EA6374 /* CustomLabel */ = {
			isa = PBXGroup;
			children = (
				EE8141F927018E0C00ECFDCC /* ExplanationLabel.swift */,
			);
			path = CustomLabel;
			sourceTree = "<group>";
		};
		EEBDA33C26FB5AB200B966E3 /* TabBarController */ = {
			isa = PBXGroup;
			children = (
				EEBDA33D26FB5AC300B966E3 /* MainTabbar.swift */,
			);
			path = TabBarController;
			sourceTree = "<group>";
		};
		EEBDA33F26FB5BF200B966E3 /* Rule */ = {
			isa = PBXGroup;
			children = (
				EE8141F5270189EB00ECFDCC /* ViewController */,
				EE8141F627018A1900ECFDCC /* RuleText */,
			);
			path = Rule;
			sourceTree = "<group>";
		};
		EEBDA34226FB5C3F00B966E3 /* Detail */ = {
			isa = PBXGroup;
			children = (
				EE8141FB2701CE7A00ECFDCC /* ViewController */,
				EE8141FC2701CE8B00ECFDCC /* DetailText */,
			);
			path = Detail;
			sourceTree = "<group>";
		};
/* End PBXGroup section */

/* Begin PBXNativeTarget section */
		EE89810526E5FD400086D2D6 /* bamboo-iOS */ = {
			isa = PBXNativeTarget;
			buildConfigurationList = EE89811A26E5FD410086D2D6 /* Build configuration list for PBXNativeTarget "bamboo-iOS" */;
			buildPhases = (
				C66135E8F3CB0BB5B417E75E /* [CP] Check Pods Manifest.lock */,
				EE89810226E5FD400086D2D6 /* Sources */,
				EE89810326E5FD400086D2D6 /* Frameworks */,
				EE89810426E5FD400086D2D6 /* Resources */,
				19D3299EA64FA9698AFDD314 /* [CP] Embed Pods Frameworks */,
			);
			buildRules = (
			);
			dependencies = (
			);
			name = "bamboo-iOS";
			productName = "bamboo-iOS";
			productReference = EE89810626E5FD400086D2D6 /* bamboo-iOS.app */;
			productType = "com.apple.product-type.application";
		};
/* End PBXNativeTarget section */

/* Begin PBXProject section */
		EE8980FE26E5FD400086D2D6 /* Project object */ = {
			isa = PBXProject;
			attributes = {
				LastSwiftUpdateCheck = 1250;
				LastUpgradeCheck = 1250;
				TargetAttributes = {
					EE89810526E5FD400086D2D6 = {
						CreatedOnToolsVersion = 12.5.1;
					};
				};
			};
			buildConfigurationList = EE89810126E5FD400086D2D6 /* Build configuration list for PBXProject "bamboo-iOS" */;
			compatibilityVersion = "Xcode 9.3";
			developmentRegion = en;
			hasScannedForEncodings = 0;
			knownRegions = (
				en,
				Base,
			);
			mainGroup = EE8980FD26E5FD400086D2D6;
			productRefGroup = EE89810726E5FD400086D2D6 /* Products */;
			projectDirPath = "";
			projectRoot = "";
			targets = (
				EE89810526E5FD400086D2D6 /* bamboo-iOS */,
			);
		};
/* End PBXProject section */

/* Begin PBXResourcesBuildPhase section */
		EE89810426E5FD400086D2D6 /* Resources */ = {
			isa = PBXResourcesBuildPhase;
			buildActionMask = 2147483647;
			files = (
				EE89811626E5FD410086D2D6 /* LaunchScreen.storyboard in Resources */,
				EEBA436226ED12540062642F /* NanumSquareRoundEB.ttf in Resources */,
				EE89811326E5FD410086D2D6 /* Assets.xcassets in Resources */,
				EEBA436126ED12500062642F /* NanumSquareRoundB.ttf in Resources */,
				EEBA436326ED12560062642F /* NanumSquareRoundL.ttf in Resources */,
				EEBA436426ED12580062642F /* NanumSquareRoundR.ttf in Resources */,
			);
			runOnlyForDeploymentPostprocessing = 0;
		};
/* End PBXResourcesBuildPhase section */

/* Begin PBXShellScriptBuildPhase section */
		19D3299EA64FA9698AFDD314 /* [CP] Embed Pods Frameworks */ = {
			isa = PBXShellScriptBuildPhase;
			buildActionMask = 2147483647;
			files = (
			);
			inputFileListPaths = (
				"${PODS_ROOT}/Target Support Files/Pods-bamboo-iOS/Pods-bamboo-iOS-frameworks-${CONFIGURATION}-input-files.xcfilelist",
			);
			name = "[CP] Embed Pods Frameworks";
			outputFileListPaths = (
				"${PODS_ROOT}/Target Support Files/Pods-bamboo-iOS/Pods-bamboo-iOS-frameworks-${CONFIGURATION}-output-files.xcfilelist",
			);
			runOnlyForDeploymentPostprocessing = 0;
			shellPath = /bin/sh;
			shellScript = "\"${PODS_ROOT}/Target Support Files/Pods-bamboo-iOS/Pods-bamboo-iOS-frameworks.sh\"\n";
			showEnvVarsInLog = 0;
		};
		C66135E8F3CB0BB5B417E75E /* [CP] Check Pods Manifest.lock */ = {
			isa = PBXShellScriptBuildPhase;
			buildActionMask = 2147483647;
			files = (
			);
			inputFileListPaths = (
			);
			inputPaths = (
				"${PODS_PODFILE_DIR_PATH}/Podfile.lock",
				"${PODS_ROOT}/Manifest.lock",
			);
			name = "[CP] Check Pods Manifest.lock";
			outputFileListPaths = (
			);
			outputPaths = (
				"$(DERIVED_FILE_DIR)/Pods-bamboo-iOS-checkManifestLockResult.txt",
			);
			runOnlyForDeploymentPostprocessing = 0;
			shellPath = /bin/sh;
			shellScript = "diff \"${PODS_PODFILE_DIR_PATH}/Podfile.lock\" \"${PODS_ROOT}/Manifest.lock\" > /dev/null\nif [ $? != 0 ] ; then\n    # print error to STDERR\n    echo \"error: The sandbox is not in sync with the Podfile.lock. Run 'pod install' or update your CocoaPods installation.\" >&2\n    exit 1\nfi\n# This output is used by Xcode 'outputs' to avoid re-running this script phase.\necho \"SUCCESS\" > \"${SCRIPT_OUTPUT_FILE_0}\"\n";
			showEnvVarsInLog = 0;
		};
/* End PBXShellScriptBuildPhase section */

/* Begin PBXSourcesBuildPhase section */
		EE89810226E5FD400086D2D6 /* Sources */ = {
			isa = PBXSourcesBuildPhase;
			buildActionMask = 2147483647;
			files = (
				EE8141F827018AAA00ECFDCC /* RuleText.swift in Sources */,
				EE3BA5762702E87200281096 /* HeaderCollectionView.swift in Sources */,
				EEBDA34426FB5C7500B966E3 /* DetailViewController.swift in Sources */,
				EE8141FA27018E0C00ECFDCC /* ExplanationLabel.swift in Sources */,
				EE8141FE2701CEA000ECFDCC /* DetailText.swift in Sources */,
				EE9F0D5E26E902E70015E81B /* ManagerPopUp.swift in Sources */,
				EEBDA34126FB5C0300B966E3 /* RuleViewController.swift in Sources */,
				EE9F0D5C26E8CFD40015E81B /* LoginButton.swift in Sources */,
				EE3BA5792702EFBE00281096 /* BaseTableViewCell.swift in Sources */,
				EE9F0D5526E8B7F00015E81B /* LoginViewController.swift in Sources */,
				EE7C6FDA26EF75980071031C /* CustomTabbar.swift in Sources */,
				EE3BA57E2702F2A100281096 /* Data.swift in Sources */,
				EE3BA57C2702F0B200281096 /* BulletinBoardsTableViewCell.swift in Sources */,
				EEA5FDD326ECF202004856F3 /* AlertTextField.swift in Sources */,
				EEBDA33E26FB5AC300B966E3 /* MainTabbar.swift in Sources */,
				EE89810A26E5FD400086D2D6 /* AppDelegate.swift in Sources */,
				EE3BA5702702816800281096 /* BulletinBoardCollectionViewCell.swift in Sources */,
				EE89810C26E5FD400086D2D6 /* SceneDelegate.swift in Sources */,
				EE9F0D5826E8B82C0015E81B /* Extensions.swift in Sources */,
				EE7C6F7B26EEEC960071031C /* MainViewController.swift in Sources */,
			);
			runOnlyForDeploymentPostprocessing = 0;
		};
/* End PBXSourcesBuildPhase section */

/* Begin PBXVariantGroup section */
		EE89811426E5FD410086D2D6 /* LaunchScreen.storyboard */ = {
			isa = PBXVariantGroup;
			children = (
				EE89811526E5FD410086D2D6 /* Base */,
			);
			name = LaunchScreen.storyboard;
			sourceTree = "<group>";
		};
/* End PBXVariantGroup section */

/* Begin XCBuildConfiguration section */
		EE89811826E5FD410086D2D6 /* Debug */ = {
			isa = XCBuildConfiguration;
			buildSettings = {
				ALWAYS_SEARCH_USER_PATHS = NO;
				CLANG_ANALYZER_NONNULL = YES;
				CLANG_ANALYZER_NUMBER_OBJECT_CONVERSION = YES_AGGRESSIVE;
				CLANG_CXX_LANGUAGE_STANDARD = "gnu++14";
				CLANG_CXX_LIBRARY = "libc++";
				CLANG_ENABLE_MODULES = YES;
				CLANG_ENABLE_OBJC_ARC = YES;
				CLANG_ENABLE_OBJC_WEAK = YES;
				CLANG_WARN_BLOCK_CAPTURE_AUTORELEASING = YES;
				CLANG_WARN_BOOL_CONVERSION = YES;
				CLANG_WARN_COMMA = YES;
				CLANG_WARN_CONSTANT_CONVERSION = YES;
				CLANG_WARN_DEPRECATED_OBJC_IMPLEMENTATIONS = YES;
				CLANG_WARN_DIRECT_OBJC_ISA_USAGE = YES_ERROR;
				CLANG_WARN_DOCUMENTATION_COMMENTS = YES;
				CLANG_WARN_EMPTY_BODY = YES;
				CLANG_WARN_ENUM_CONVERSION = YES;
				CLANG_WARN_INFINITE_RECURSION = YES;
				CLANG_WARN_INT_CONVERSION = YES;
				CLANG_WARN_NON_LITERAL_NULL_CONVERSION = YES;
				CLANG_WARN_OBJC_IMPLICIT_RETAIN_SELF = YES;
				CLANG_WARN_OBJC_LITERAL_CONVERSION = YES;
				CLANG_WARN_OBJC_ROOT_CLASS = YES_ERROR;
				CLANG_WARN_QUOTED_INCLUDE_IN_FRAMEWORK_HEADER = YES;
				CLANG_WARN_RANGE_LOOP_ANALYSIS = YES;
				CLANG_WARN_STRICT_PROTOTYPES = YES;
				CLANG_WARN_SUSPICIOUS_MOVE = YES;
				CLANG_WARN_UNGUARDED_AVAILABILITY = YES_AGGRESSIVE;
				CLANG_WARN_UNREACHABLE_CODE = YES;
				CLANG_WARN__DUPLICATE_METHOD_MATCH = YES;
				COPY_PHASE_STRIP = NO;
				DEBUG_INFORMATION_FORMAT = dwarf;
				ENABLE_STRICT_OBJC_MSGSEND = YES;
				ENABLE_TESTABILITY = YES;
				GCC_C_LANGUAGE_STANDARD = gnu11;
				GCC_DYNAMIC_NO_PIC = NO;
				GCC_NO_COMMON_BLOCKS = YES;
				GCC_OPTIMIZATION_LEVEL = 0;
				GCC_PREPROCESSOR_DEFINITIONS = (
					"DEBUG=1",
					"$(inherited)",
				);
				GCC_WARN_64_TO_32_BIT_CONVERSION = YES;
				GCC_WARN_ABOUT_RETURN_TYPE = YES_ERROR;
				GCC_WARN_UNDECLARED_SELECTOR = YES;
				GCC_WARN_UNINITIALIZED_AUTOS = YES_AGGRESSIVE;
				GCC_WARN_UNUSED_FUNCTION = YES;
				GCC_WARN_UNUSED_VARIABLE = YES;
				IPHONEOS_DEPLOYMENT_TARGET = 14.5;
				MTL_ENABLE_DEBUG_INFO = INCLUDE_SOURCE;
				MTL_FAST_MATH = YES;
				ONLY_ACTIVE_ARCH = YES;
				SDKROOT = iphoneos;
				SWIFT_ACTIVE_COMPILATION_CONDITIONS = DEBUG;
				SWIFT_OPTIMIZATION_LEVEL = "-Onone";
			};
			name = Debug;
		};
		EE89811926E5FD410086D2D6 /* Release */ = {
			isa = XCBuildConfiguration;
			buildSettings = {
				ALWAYS_SEARCH_USER_PATHS = NO;
				CLANG_ANALYZER_NONNULL = YES;
				CLANG_ANALYZER_NUMBER_OBJECT_CONVERSION = YES_AGGRESSIVE;
				CLANG_CXX_LANGUAGE_STANDARD = "gnu++14";
				CLANG_CXX_LIBRARY = "libc++";
				CLANG_ENABLE_MODULES = YES;
				CLANG_ENABLE_OBJC_ARC = YES;
				CLANG_ENABLE_OBJC_WEAK = YES;
				CLANG_WARN_BLOCK_CAPTURE_AUTORELEASING = YES;
				CLANG_WARN_BOOL_CONVERSION = YES;
				CLANG_WARN_COMMA = YES;
				CLANG_WARN_CONSTANT_CONVERSION = YES;
				CLANG_WARN_DEPRECATED_OBJC_IMPLEMENTATIONS = YES;
				CLANG_WARN_DIRECT_OBJC_ISA_USAGE = YES_ERROR;
				CLANG_WARN_DOCUMENTATION_COMMENTS = YES;
				CLANG_WARN_EMPTY_BODY = YES;
				CLANG_WARN_ENUM_CONVERSION = YES;
				CLANG_WARN_INFINITE_RECURSION = YES;
				CLANG_WARN_INT_CONVERSION = YES;
				CLANG_WARN_NON_LITERAL_NULL_CONVERSION = YES;
				CLANG_WARN_OBJC_IMPLICIT_RETAIN_SELF = YES;
				CLANG_WARN_OBJC_LITERAL_CONVERSION = YES;
				CLANG_WARN_OBJC_ROOT_CLASS = YES_ERROR;
				CLANG_WARN_QUOTED_INCLUDE_IN_FRAMEWORK_HEADER = YES;
				CLANG_WARN_RANGE_LOOP_ANALYSIS = YES;
				CLANG_WARN_STRICT_PROTOTYPES = YES;
				CLANG_WARN_SUSPICIOUS_MOVE = YES;
				CLANG_WARN_UNGUARDED_AVAILABILITY = YES_AGGRESSIVE;
				CLANG_WARN_UNREACHABLE_CODE = YES;
				CLANG_WARN__DUPLICATE_METHOD_MATCH = YES;
				COPY_PHASE_STRIP = NO;
				DEBUG_INFORMATION_FORMAT = "dwarf-with-dsym";
				ENABLE_NS_ASSERTIONS = NO;
				ENABLE_STRICT_OBJC_MSGSEND = YES;
				GCC_C_LANGUAGE_STANDARD = gnu11;
				GCC_NO_COMMON_BLOCKS = YES;
				GCC_WARN_64_TO_32_BIT_CONVERSION = YES;
				GCC_WARN_ABOUT_RETURN_TYPE = YES_ERROR;
				GCC_WARN_UNDECLARED_SELECTOR = YES;
				GCC_WARN_UNINITIALIZED_AUTOS = YES_AGGRESSIVE;
				GCC_WARN_UNUSED_FUNCTION = YES;
				GCC_WARN_UNUSED_VARIABLE = YES;
				IPHONEOS_DEPLOYMENT_TARGET = 14.5;
				MTL_ENABLE_DEBUG_INFO = NO;
				MTL_FAST_MATH = YES;
				SDKROOT = iphoneos;
				SWIFT_COMPILATION_MODE = wholemodule;
				SWIFT_OPTIMIZATION_LEVEL = "-O";
				VALIDATE_PRODUCT = YES;
			};
			name = Release;
		};
		EE89811B26E5FD410086D2D6 /* Debug */ = {
			isa = XCBuildConfiguration;
			baseConfigurationReference = 450B525D3040C9D8D909B9E5 /* Pods-bamboo-iOS.debug.xcconfig */;
			buildSettings = {
				ASSETCATALOG_COMPILER_APPICON_NAME = AppIcon;
				ASSETCATALOG_COMPILER_GLOBAL_ACCENT_COLOR_NAME = AccentColor;
				CODE_SIGN_STYLE = Automatic;
				DEVELOPMENT_TEAM = 7JA353ZJMP;
				INFOPLIST_FILE = "bamboo-iOS/Info.plist";
				LD_RUNPATH_SEARCH_PATHS = (
					"$(inherited)",
					"@executable_path/Frameworks",
				);
				PRODUCT_BUNDLE_IDENTIFIER = "com.JiHoonAHN.bamboo-iOS";
				PRODUCT_NAME = "$(TARGET_NAME)";
				SWIFT_VERSION = 5.0;
				TARGETED_DEVICE_FAMILY = "1,2";
			};
			name = Debug;
		};
		EE89811C26E5FD410086D2D6 /* Release */ = {
			isa = XCBuildConfiguration;
			baseConfigurationReference = 1EF78B3550F3909AFDB7E7A0 /* Pods-bamboo-iOS.release.xcconfig */;
			buildSettings = {
				ASSETCATALOG_COMPILER_APPICON_NAME = AppIcon;
				ASSETCATALOG_COMPILER_GLOBAL_ACCENT_COLOR_NAME = AccentColor;
				CODE_SIGN_STYLE = Automatic;
				DEVELOPMENT_TEAM = 7JA353ZJMP;
				INFOPLIST_FILE = "bamboo-iOS/Info.plist";
				LD_RUNPATH_SEARCH_PATHS = (
					"$(inherited)",
					"@executable_path/Frameworks",
				);
				PRODUCT_BUNDLE_IDENTIFIER = "com.JiHoonAHN.bamboo-iOS";
				PRODUCT_NAME = "$(TARGET_NAME)";
				SWIFT_VERSION = 5.0;
				TARGETED_DEVICE_FAMILY = "1,2";
			};
			name = Release;
		};
/* End XCBuildConfiguration section */

/* Begin XCConfigurationList section */
		EE89810126E5FD400086D2D6 /* Build configuration list for PBXProject "bamboo-iOS" */ = {
			isa = XCConfigurationList;
			buildConfigurations = (
				EE89811826E5FD410086D2D6 /* Debug */,
				EE89811926E5FD410086D2D6 /* Release */,
			);
			defaultConfigurationIsVisible = 0;
			defaultConfigurationName = Release;
		};
		EE89811A26E5FD410086D2D6 /* Build configuration list for PBXNativeTarget "bamboo-iOS" */ = {
			isa = XCConfigurationList;
			buildConfigurations = (
				EE89811B26E5FD410086D2D6 /* Debug */,
				EE89811C26E5FD410086D2D6 /* Release */,
			);
			defaultConfigurationIsVisible = 0;
			defaultConfigurationName = Release;
		};
/* End XCConfigurationList section */
	};
	rootObject = EE8980FE26E5FD400086D2D6 /* Project object */;
}
